
Microsoft Visual Studio Solution File, Format Version 10.00
# Visual C++ Express 2008
Project("{8BC9CEB8-8B4A-11D0-8D11-00A0C91BC942}") = "adcdecompress", "adcdecompress\adcdecompress.vcproj", "{94E26F5B-B390-4EC6-A621-C5DCE908D003}"
	ProjectSection(ProjectDependencies) = postProject
		{36C9D249-CAF9-43C5-B803-62C402B583FE} = {36C9D249-CAF9-43C5-B803-62C402B583FE}
		{5AA646B3-9C6F-4803-8A07-C59CFEF4F2DA} = {5AA646B3-9C6F-4803-8A07-C59CFEF4F2DA}
		{BB478F0D-E828-40ED-881A-21B7E42338A1} = {BB478F0D-E828-40ED-881A-21B7E42338A1}
		{67A17C63-0751-484D-A9DA-2AE4BA104169} = {67A17C63-0751-484D-A9DA-2AE4BA104169}
		{F56269D0-9964-4E25-B1D6-00F6DC3430FA} = {F56269D0-9964-4E25-B1D6-00F6DC3430FA}
	EndProjectSection
EndProject
Project("{8BC9CEB8-8B4A-11D0-8D11-00A0C91BC942}") = "adler32sum", "adler32sum\adler32sum.vcproj", "{9B694EF2-6D43-4D32-AB32-9C4ABC43F11F}"
	ProjectSection(ProjectDependencies) = postProject
		{36C9D249-CAF9-43C5-B803-62C402B583FE} = {36C9D249-CAF9-43C5-B803-62C402B583FE}
		{5AA646B3-9C6F-4803-8A07-C59CFEF4F2DA} = {5AA646B3-9C6F-4803-8A07-C59CFEF4F2DA}
		{BB478F0D-E828-40ED-881A-21B7E42338A1} = {BB478F0D-E828-40ED-881A-21B7E42338A1}
		{67A17C63-0751-484D-A9DA-2AE4BA104169} = {67A17C63-0751-484D-A9DA-2AE4BA104169}
		{F56269D0-9964-4E25-B1D6-00F6DC3430FA} = {F56269D0-9964-4E25-B1D6-00F6DC3430FA}
		{16EF18E3-BEAF-41FF-898B-B7DE31069E8B} = {16EF18E3-BEAF-41FF-898B-B7DE31069E8B}
	EndProjectSection
EndProject
Project("{8BC9CEB8-8B4A-11D0-8D11-00A0C91BC942}") = "ascii7decompress", "ascii7decompress\ascii7decompress.vcproj", "{E66FFC8D-D24F-49BE-9DAA-02F6D735ADE6}"
	ProjectSection(ProjectDependencies) = postProject
		{36C9D249-CAF9-43C5-B803-62C402B583FE} = {36C9D249-CAF9-43C5-B803-62C402B583FE}
		{5AA646B3-9C6F-4803-8A07-C59CFEF4F2DA} = {5AA646B3-9C6F-4803-8A07-C59CFEF4F2DA}
		{BB478F0D-E828-40ED-881A-21B7E42338A1} = {BB478F0D-E828-40ED-881A-21B7E42338A1}
		{67A17C63-0751-484D-A9DA-2AE4BA104169} = {67A17C63-0751-484D-A9DA-2AE4BA104169}
		{F56269D0-9964-4E25-B1D6-00F6DC3430FA} = {F56269D0-9964-4E25-B1D6-00F6DC3430FA}
	EndProjectSection
EndProject
Project("{8BC9CEB8-8B4A-11D0-8D11-00A0C91BC942}") = "banalyze", "banalyze\banalyze.vcproj", "{7D7B4B5F-47CB-4A31-82EE-74839B1C73B9}"
	ProjectSection(ProjectDependencies) = postProject
		{2648E298-2DF2-4993-8EF1-52AA38307FE3} = {2648E298-2DF2-4993-8EF1-52AA38307FE3}
		{36C9D249-CAF9-43C5-B803-62C402B583FE} = {36C9D249-CAF9-43C5-B803-62C402B583FE}
		{5AA646B3-9C6F-4803-8A07-C59CFEF4F2DA} = {5AA646B3-9C6F-4803-8A07-C59CFEF4F2DA}
		{BB478F0D-E828-40ED-881A-21B7E42338A1} = {BB478F0D-E828-40ED-881A-21B7E42338A1}
		{67A17C63-0751-484D-A9DA-2AE4BA104169} = {67A17C63-0751-484D-A9DA-2AE4BA104169}
		{F56269D0-9964-4E25-B1D6-00F6DC3430FA} = {F56269D0-9964-4E25-B1D6-00F6DC3430FA}
	EndProjectSection
EndProject
Project("{8BC9CEB8-8B4A-11D0-8D11-00A0C91BC942}") = "bz2decompress", "bz2decompress\bz2decompress.vcproj", "{8E17ADC6-8F98-4202-B401-DC8ACD2672A0}"
	ProjectSection(ProjectDependencies) = postProject
		{36C9D249-CAF9-43C5-B803-62C402B583FE} = {36C9D249-CAF9-43C5-B803-62C402B583FE}
		{5AA646B3-9C6F-4803-8A07-C59CFEF4F2DA} = {5AA646B3-9C6F-4803-8A07-C59CFEF4F2DA}
		{BB478F0D-E828-40ED-881A-21B7E42338A1} = {BB478F0D-E828-40ED-881A-21B7E42338A1}
		{67A17C63-0751-484D-A9DA-2AE4BA104169} = {67A17C63-0751-484D-A9DA-2AE4BA104169}
		{F56269D0-9964-4E25-B1D6-00F6DC3430FA} = {F56269D0-9964-4E25-B1D6-00F6DC3430FA}
		{B75D832D-587D-4CD3-9C24-BBCFA3203BD0} = {B75D832D-587D-4CD3-9C24-BBCFA3203BD0}
	EndProjectSection
EndProject
Project("{8BC9CEB8-8B4A-11D0-8D11-00A0C91BC942}") = "crc32sum", "crc32sum\crc32sum.vcproj", "{689BDFE8-BE8E-4FB4-9EF9-727F7CB0D597}"
	ProjectSection(ProjectDependencies) = postProject
		{36C9D249-CAF9-43C5-B803-62C402B583FE} = {36C9D249-CAF9-43C5-B803-62C402B583FE}
		{5AA646B3-9C6F-4803-8A07-C59CFEF4F2DA} = {5AA646B3-9C6F-4803-8A07-C59CFEF4F2DA}
		{BB478F0D-E828-40ED-881A-21B7E42338A1} = {BB478F0D-E828-40ED-881A-21B7E42338A1}
		{67A17C63-0751-484D-A9DA-2AE4BA104169} = {67A17C63-0751-484D-A9DA-2AE4BA104169}
		{F56269D0-9964-4E25-B1D6-00F6DC3430FA} = {F56269D0-9964-4E25-B1D6-00F6DC3430FA}
	EndProjectSection
EndProject
Project("{8BC9CEB8-8B4A-11D0-8D11-00A0C91BC942}") = "crc64sum", "crc64sum\crc64sum.vcproj", "{77991E66-995B-49E6-8EE2-54BAA1BA67E7}"
	ProjectSection(ProjectDependencies) = postProject
		{36C9D249-CAF9-43C5-B803-62C402B583FE} = {36C9D249-CAF9-43C5-B803-62C402B583FE}
		{5AA646B3-9C6F-4803-8A07-C59CFEF4F2DA} = {5AA646B3-9C6F-4803-8A07-C59CFEF4F2DA}
		{BB478F0D-E828-40ED-881A-21B7E42338A1} = {BB478F0D-E828-40ED-881A-21B7E42338A1}
		{67A17C63-0751-484D-A9DA-2AE4BA104169} = {67A17C63-0751-484D-A9DA-2AE4BA104169}
		{F56269D0-9964-4E25-B1D6-00F6DC3430FA} = {F56269D0-9964-4E25-B1D6-00F6DC3430FA}
	EndProjectSection
EndProject
Project("{8BC9CEB8-8B4A-11D0-8D11-00A0C91BC942}") = "fletcher32sum", "fletcher32sum\fletcher32sum.vcproj", "{49362438-97F4-43C0-BC0C-5E01B356E18C}"
	ProjectSection(ProjectDependencies) = postProject
		{36C9D249-CAF9-43C5-B803-62C402B583FE} = {36C9D249-CAF9-43C5-B803-62C402B583FE}
		{5AA646B3-9C6F-4803-8A07-C59CFEF4F2DA} = {5AA646B3-9C6F-4803-8A07-C59CFEF4F2DA}
		{BB478F0D-E828-40ED-881A-21B7E42338A1} = {BB478F0D-E828-40ED-881A-21B7E42338A1}
		{67A17C63-0751-484D-A9DA-2AE4BA104169} = {67A17C63-0751-484D-A9DA-2AE4BA104169}
		{F56269D0-9964-4E25-B1D6-00F6DC3430FA} = {F56269D0-9964-4E25-B1D6-00F6DC3430FA}
	EndProjectSection
EndProject
Project("{8BC9CEB8-8B4A-11D0-8D11-00A0C91BC942}") = "fletcher64sum", "fletcher64sum\fletcher64sum.vcproj", "{2EE58E70-84D4-4CD2-B780-B54F666491CC}"
	ProjectSection(ProjectDependencies) = postProject
		{36C9D249-CAF9-43C5-B803-62C402B583FE} = {36C9D249-CAF9-43C5-B803-62C402B583FE}
		{5AA646B3-9C6F-4803-8A07-C59CFEF4F2DA} = {5AA646B3-9C6F-4803-8A07-C59CFEF4F2DA}
		{BB478F0D-E828-40ED-881A-21B7E42338A1} = {BB478F0D-E828-40ED-881A-21B7E42338A1}
		{67A17C63-0751-484D-A9DA-2AE4BA104169} = {67A17C63-0751-484D-A9DA-2AE4BA104169}
		{F56269D0-9964-4E25-B1D6-00F6DC3430FA} = {F56269D0-9964-4E25-B1D6-00F6DC3430FA}
	EndProjectSection
EndProject
Project("{8BC9CEB8-8B4A-11D0-8D11-00A0C91BC942}") = "lzfsedecompress", "lzfsedecompress\lzfsedecompress.vcproj", "{AAA81DBD-AA66-45E9-A942-C15F3A5EA4C7}"
	ProjectSection(ProjectDependencies) = postProject
		{36C9D249-CAF9-43C5-B803-62C402B583FE} = {36C9D249-CAF9-43C5-B803-62C402B583FE}
		{5AA646B3-9C6F-4803-8A07-C59CFEF4F2DA} = {5AA646B3-9C6F-4803-8A07-C59CFEF4F2DA}
		{BB478F0D-E828-40ED-881A-21B7E42338A1} = {BB478F0D-E828-40ED-881A-21B7E42338A1}
		{67A17C63-0751-484D-A9DA-2AE4BA104169} = {67A17C63-0751-484D-A9DA-2AE4BA104169}
		{F56269D0-9964-4E25-B1D6-00F6DC3430FA} = {F56269D0-9964-4E25-B1D6-00F6DC3430FA}
	EndProjectSection
EndProject
Project("{8BC9CEB8-8B4A-11D0-8D11-00A0C91BC942}") = "lzfudecompress", "lzfudecompress\lzfudecompress.vcproj", "{C283B806-4FFF-4324-8DF3-17818A7757F9}"
	ProjectSection(ProjectDependencies) = postProject
		{36C9D249-CAF9-43C5-B803-62C402B583FE} = {36C9D249-CAF9-43C5-B803-62C402B583FE}
		{5AA646B3-9C6F-4803-8A07-C59CFEF4F2DA} = {5AA646B3-9C6F-4803-8A07-C59CFEF4F2DA}
		{BB478F0D-E828-40ED-881A-21B7E42338A1} = {BB478F0D-E828-40ED-881A-21B7E42338A1}
		{67A17C63-0751-484D-A9DA-2AE4BA104169} = {67A17C63-0751-484D-A9DA-2AE4BA104169}
		{F56269D0-9964-4E25-B1D6-00F6DC3430FA} = {F56269D0-9964-4E25-B1D6-00F6DC3430FA}
	EndProjectSection
EndProject
Project("{8BC9CEB8-8B4A-11D0-8D11-00A0C91BC942}") = "lzmadecompress", "lzmadecompress\lzmadecompress.vcproj", "{51941255-1FF8-4600-964A-3C0CDBDB544B}"
	ProjectSection(ProjectDependencies) = postProject
		{36C9D249-CAF9-43C5-B803-62C402B583FE} = {36C9D249-CAF9-43C5-B803-62C402B583FE}
		{5AA646B3-9C6F-4803-8A07-C59CFEF4F2DA} = {5AA646B3-9C6F-4803-8A07-C59CFEF4F2DA}
		{BB478F0D-E828-40ED-881A-21B7E42338A1} = {BB478F0D-E828-40ED-881A-21B7E42338A1}
		{67A17C63-0751-484D-A9DA-2AE4BA104169} = {67A17C63-0751-484D-A9DA-2AE4BA104169}
		{F56269D0-9964-4E25-B1D6-00F6DC3430FA} = {F56269D0-9964-4E25-B1D6-00F6DC3430FA}
		{} = {}
	EndProjectSection
EndProject
Project("{8BC9CEB8-8B4A-11D0-8D11-00A0C91BC942}") = "lznt1decompress", "lznt1decompress\lznt1decompress.vcproj", "{3295BC12-1C30-45CA-9C3A-245F3541393E}"
	ProjectSection(ProjectDependencies) = postProject
		{BF1508A8-1746-40F3-B8E9-FEC07571E881} = {BF1508A8-1746-40F3-B8E9-FEC07571E881}
		{36C9D249-CAF9-43C5-B803-62C402B583FE} = {36C9D249-CAF9-43C5-B803-62C402B583FE}
		{5AA646B3-9C6F-4803-8A07-C59CFEF4F2DA} = {5AA646B3-9C6F-4803-8A07-C59CFEF4F2DA}
		{BB478F0D-E828-40ED-881A-21B7E42338A1} = {BB478F0D-E828-40ED-881A-21B7E42338A1}
		{67A17C63-0751-484D-A9DA-2AE4BA104169} = {67A17C63-0751-484D-A9DA-2AE4BA104169}
		{F56269D0-9964-4E25-B1D6-00F6DC3430FA} = {F56269D0-9964-4E25-B1D6-00F6DC3430FA}
	EndProjectSection
EndProject
Project("{8BC9CEB8-8B4A-11D0-8D11-00A0C91BC942}") = "lzvndecompress", "lzvndecompress\lzvndecompress.vcproj", "{28F5A00B-3DA6-4F87-89B3-80B265BADC51}"
	ProjectSection(ProjectDependencies) = postProject
		{36C9D249-CAF9-43C5-B803-62C402B583FE} = {36C9D249-CAF9-43C5-B803-62C402B583FE}
		{5AA646B3-9C6F-4803-8A07-C59CFEF4F2DA} = {5AA646B3-9C6F-4803-8A07-C59CFEF4F2DA}
		{BB478F0D-E828-40ED-881A-21B7E42338A1} = {BB478F0D-E828-40ED-881A-21B7E42338A1}
		{67A17C63-0751-484D-A9DA-2AE4BA104169} = {67A17C63-0751-484D-A9DA-2AE4BA104169}
		{F56269D0-9964-4E25-B1D6-00F6DC3430FA} = {F56269D0-9964-4E25-B1D6-00F6DC3430FA}
	EndProjectSection
EndProject
Project("{8BC9CEB8-8B4A-11D0-8D11-00A0C91BC942}") = "lzxdecompress", "lzxdecompress\lzxdecompress.vcproj", "{1C6E18A5-B534-466C-9F07-062A11CF546B}"
	ProjectSection(ProjectDependencies) = postProject
		{BF1508A8-1746-40F3-B8E9-FEC07571E881} = {BF1508A8-1746-40F3-B8E9-FEC07571E881}
		{36C9D249-CAF9-43C5-B803-62C402B583FE} = {36C9D249-CAF9-43C5-B803-62C402B583FE}
		{5AA646B3-9C6F-4803-8A07-C59CFEF4F2DA} = {5AA646B3-9C6F-4803-8A07-C59CFEF4F2DA}
		{BB478F0D-E828-40ED-881A-21B7E42338A1} = {BB478F0D-E828-40ED-881A-21B7E42338A1}
		{67A17C63-0751-484D-A9DA-2AE4BA104169} = {67A17C63-0751-484D-A9DA-2AE4BA104169}
		{F56269D0-9964-4E25-B1D6-00F6DC3430FA} = {F56269D0-9964-4E25-B1D6-00F6DC3430FA}
	EndProjectSection
EndProject
Project("{8BC9CEB8-8B4A-11D0-8D11-00A0C91BC942}") = "lzxpressdecompress", "lzxpressdecompress\lzxpressdecompress.vcproj", "{9C638802-9561-4184-A676-50520E17965A}"
	ProjectSection(ProjectDependencies) = postProject
		{BF1508A8-1746-40F3-B8E9-FEC07571E881} = {BF1508A8-1746-40F3-B8E9-FEC07571E881}
		{36C9D249-CAF9-43C5-B803-62C402B583FE} = {36C9D249-CAF9-43C5-B803-62C402B583FE}
		{5AA646B3-9C6F-4803-8A07-C59CFEF4F2DA} = {5AA646B3-9C6F-4803-8A07-C59CFEF4F2DA}
		{BB478F0D-E828-40ED-881A-21B7E42338A1} = {BB478F0D-E828-40ED-881A-21B7E42338A1}
		{67A17C63-0751-484D-A9DA-2AE4BA104169} = {67A17C63-0751-484D-A9DA-2AE4BA104169}
		{F56269D0-9964-4E25-B1D6-00F6DC3430FA} = {F56269D0-9964-4E25-B1D6-00F6DC3430FA}
	EndProjectSection
EndProject
Project("{8BC9CEB8-8B4A-11D0-8D11-00A0C91BC942}") = "mssearchdecode", "mssearchdecode\mssearchdecode.vcproj", "{1B21C11A-D574-4ADA-8F70-6FCE74F0241D}"
	ProjectSection(ProjectDependencies) = postProject
		{36C9D249-CAF9-43C5-B803-62C402B583FE} = {36C9D249-CAF9-43C5-B803-62C402B583FE}
		{5AA646B3-9C6F-4803-8A07-C59CFEF4F2DA} = {5AA646B3-9C6F-4803-8A07-C59CFEF4F2DA}
		{BB478F0D-E828-40ED-881A-21B7E42338A1} = {BB478F0D-E828-40ED-881A-21B7E42338A1}
		{67A17C63-0751-484D-A9DA-2AE4BA104169} = {67A17C63-0751-484D-A9DA-2AE4BA104169}
		{F56269D0-9964-4E25-B1D6-00F6DC3430FA} = {F56269D0-9964-4E25-B1D6-00F6DC3430FA}
	EndProjectSection
EndProject
Project("{8BC9CEB8-8B4A-11D0-8D11-00A0C91BC942}") = "plistinfo", "plistinfo\plistinfo.vcproj", "{441B62D5-0A32-4F60-B6B6-BD6F4DB4DD0B}"
	ProjectSection(ProjectDependencies) = postProject
		{A62435FF-3966-48D2-B4FE-05B5A958E837} = {A62435FF-3966-48D2-B4FE-05B5A958E837}
		{200BFC01-8CBF-4847-912C-9CDCBAA9069C} = {200BFC01-8CBF-4847-912C-9CDCBAA9069C}
		{7705B596-14BD-48CB-8328-B7580810198B} = {7705B596-14BD-48CB-8328-B7580810198B}
		{36C9D249-CAF9-43C5-B803-62C402B583FE} = {36C9D249-CAF9-43C5-B803-62C402B583FE}
		{5AA646B3-9C6F-4803-8A07-C59CFEF4F2DA} = {5AA646B3-9C6F-4803-8A07-C59CFEF4F2DA}
		{BB478F0D-E828-40ED-881A-21B7E42338A1} = {BB478F0D-E828-40ED-881A-21B7E42338A1}
		{67A17C63-0751-484D-A9DA-2AE4BA104169} = {67A17C63-0751-484D-A9DA-2AE4BA104169}
		{5E431527-E9A7-4F6D-9A92-38EE4487E8DB} = {5E431527-E9A7-4F6D-9A92-38EE4487E8DB}
		{F56269D0-9964-4E25-B1D6-00F6DC3430FA} = {F56269D0-9964-4E25-B1D6-00F6DC3430FA}
	EndProjectSection
EndProject
Project("{8BC9CEB8-8B4A-11D0-8D11-00A0C91BC942}") = "rc4crypt", "rc4crypt\rc4crypt.vcproj", "{63A9E023-DADC-48E1-BFF9-21A0B7D9F5AA}"
	ProjectSection(ProjectDependencies) = postProject
		{BFE462F5-E083-41CB-8F51-6BA86CB62240} = {BFE462F5-E083-41CB-8F51-6BA86CB62240}
		{36C9D249-CAF9-43C5-B803-62C402B583FE} = {36C9D249-CAF9-43C5-B803-62C402B583FE}
		{5AA646B3-9C6F-4803-8A07-C59CFEF4F2DA} = {5AA646B3-9C6F-4803-8A07-C59CFEF4F2DA}
		{BB478F0D-E828-40ED-881A-21B7E42338A1} = {BB478F0D-E828-40ED-881A-21B7E42338A1}
		{67A17C63-0751-484D-A9DA-2AE4BA104169} = {67A17C63-0751-484D-A9DA-2AE4BA104169}
		{F56269D0-9964-4E25-B1D6-00F6DC3430FA} = {F56269D0-9964-4E25-B1D6-00F6DC3430FA}
	EndProjectSection
EndProject
Project("{8BC9CEB8-8B4A-11D0-8D11-00A0C91BC942}") = "serpentcrypt", "serpentcrypt\serpentcrypt.vcproj", "{D36C1853-82D8-44BE-BB0F-D54CA5160466}"
	ProjectSection(ProjectDependencies) = postProject
		{BFE462F5-E083-41CB-8F51-6BA86CB62240} = {BFE462F5-E083-41CB-8F51-6BA86CB62240}
		{36C9D249-CAF9-43C5-B803-62C402B583FE} = {36C9D249-CAF9-43C5-B803-62C402B583FE}
		{5AA646B3-9C6F-4803-8A07-C59CFEF4F2DA} = {5AA646B3-9C6F-4803-8A07-C59CFEF4F2DA}
		{BB478F0D-E828-40ED-881A-21B7E42338A1} = {BB478F0D-E828-40ED-881A-21B7E42338A1}
		{67A17C63-0751-484D-A9DA-2AE4BA104169} = {67A17C63-0751-484D-A9DA-2AE4BA104169}
		{F56269D0-9964-4E25-B1D6-00F6DC3430FA} = {F56269D0-9964-4E25-B1D6-00F6DC3430FA}
	EndProjectSection
EndProject
Project("{8BC9CEB8-8B4A-11D0-8D11-00A0C91BC942}") = "wevtinfo", "wevtinfo\wevtinfo.vcproj", "{9D98F836-4419-44FB-AAC7-3D8808A930CE}"
	ProjectSection(ProjectDependencies) = postProject
		{A787DD38-C82F-4056-8E70-32C9F94C87C2} = {A787DD38-C82F-4056-8E70-32C9F94C87C2}
		{200BFC01-8CBF-4847-912C-9CDCBAA9069C} = {200BFC01-8CBF-4847-912C-9CDCBAA9069C}
		{BF1508A8-1746-40F3-B8E9-FEC07571E881} = {BF1508A8-1746-40F3-B8E9-FEC07571E881}
		{7705B596-14BD-48CB-8328-B7580810198B} = {7705B596-14BD-48CB-8328-B7580810198B}
		{66CD4865-1D7D-4FBC-B32C-0226C57F9913} = {66CD4865-1D7D-4FBC-B32C-0226C57F9913}
		{36C9D249-CAF9-43C5-B803-62C402B583FE} = {36C9D249-CAF9-43C5-B803-62C402B583FE}
		{5AA646B3-9C6F-4803-8A07-C59CFEF4F2DA} = {5AA646B3-9C6F-4803-8A07-C59CFEF4F2DA}
		{BB478F0D-E828-40ED-881A-21B7E42338A1} = {BB478F0D-E828-40ED-881A-21B7E42338A1}
		{67A17C63-0751-484D-A9DA-2AE4BA104169} = {67A17C63-0751-484D-A9DA-2AE4BA104169}
		{5E431527-E9A7-4F6D-9A92-38EE4487E8DB} = {5E431527-E9A7-4F6D-9A92-38EE4487E8DB}
		{F56269D0-9964-4E25-B1D6-00F6DC3430FA} = {F56269D0-9964-4E25-B1D6-00F6DC3430FA}
	EndProjectSection
EndProject
Project("{8BC9CEB8-8B4A-11D0-8D11-00A0C91BC942}") = "winregsave", "winregsave\winregsave.vcproj", "{5C544309-18E8-4A5C-AE8A-6CDE4F79139C}"
	ProjectSection(ProjectDependencies) = postProject
		{36C9D249-CAF9-43C5-B803-62C402B583FE} = {36C9D249-CAF9-43C5-B803-62C402B583FE}
		{5AA646B3-9C6F-4803-8A07-C59CFEF4F2DA} = {5AA646B3-9C6F-4803-8A07-C59CFEF4F2DA}
		{BB478F0D-E828-40ED-881A-21B7E42338A1} = {BB478F0D-E828-40ED-881A-21B7E42338A1}
		{67A17C63-0751-484D-A9DA-2AE4BA104169} = {67A17C63-0751-484D-A9DA-2AE4BA104169}
		{F56269D0-9964-4E25-B1D6-00F6DC3430FA} = {F56269D0-9964-4E25-B1D6-00F6DC3430FA}
	EndProjectSection
EndProject
Project("{8BC9CEB8-8B4A-11D0-8D11-00A0C91BC942}") = "winshellfolder", "winshellfolder\winshellfolder.vcproj", "{2FA294AF-4A12-4F1E-BEAD-4EFB34A5497B}"
	ProjectSection(ProjectDependencies) = postProject
		{36C9D249-CAF9-43C5-B803-62C402B583FE} = {36C9D249-CAF9-43C5-B803-62C402B583FE}
		{5AA646B3-9C6F-4803-8A07-C59CFEF4F2DA} = {5AA646B3-9C6F-4803-8A07-C59CFEF4F2DA}
		{BB478F0D-E828-40ED-881A-21B7E42338A1} = {BB478F0D-E828-40ED-881A-21B7E42338A1}
		{67A17C63-0751-484D-A9DA-2AE4BA104169} = {67A17C63-0751-484D-A9DA-2AE4BA104169}
		{F56269D0-9964-4E25-B1D6-00F6DC3430FA} = {F56269D0-9964-4E25-B1D6-00F6DC3430FA}
	EndProjectSection
EndProject
Project("{8BC9CEB8-8B4A-11D0-8D11-00A0C91BC942}") = "winshelllink", "winshelllink\winshelllink.vcproj", "{0FD45764-1BB2-44E8-B9D1-902E8A6E3E21}"
	ProjectSection(ProjectDependencies) = postProject
		{36C9D249-CAF9-43C5-B803-62C402B583FE} = {36C9D249-CAF9-43C5-B803-62C402B583FE}
		{5AA646B3-9C6F-4803-8A07-C59CFEF4F2DA} = {5AA646B3-9C6F-4803-8A07-C59CFEF4F2DA}
		{BB478F0D-E828-40ED-881A-21B7E42338A1} = {BB478F0D-E828-40ED-881A-21B7E42338A1}
		{67A17C63-0751-484D-A9DA-2AE4BA104169} = {67A17C63-0751-484D-A9DA-2AE4BA104169}
		{F56269D0-9964-4E25-B1D6-00F6DC3430FA} = {F56269D0-9964-4E25-B1D6-00F6DC3430FA}
	EndProjectSection
EndProject
Project("{8BC9CEB8-8B4A-11D0-8D11-00A0C91BC942}") = "xor32sum", "xor32sum\xor32sum.vcproj", "{DAD4DD07-2537-4C6B-8FF3-39B062A0FBDA}"
	ProjectSection(ProjectDependencies) = postProject
		{36C9D249-CAF9-43C5-B803-62C402B583FE} = {36C9D249-CAF9-43C5-B803-62C402B583FE}
		{5AA646B3-9C6F-4803-8A07-C59CFEF4F2DA} = {5AA646B3-9C6F-4803-8A07-C59CFEF4F2DA}
		{BB478F0D-E828-40ED-881A-21B7E42338A1} = {BB478F0D-E828-40ED-881A-21B7E42338A1}
		{67A17C63-0751-484D-A9DA-2AE4BA104169} = {67A17C63-0751-484D-A9DA-2AE4BA104169}
		{F56269D0-9964-4E25-B1D6-00F6DC3430FA} = {F56269D0-9964-4E25-B1D6-00F6DC3430FA}
	EndProjectSection
EndProject
Project("{8BC9CEB8-8B4A-11D0-8D11-00A0C91BC942}") = "xor64sum", "xor64sum\xor64sum.vcproj", "{2D657380-0733-4C98-BE7D-AB710462246A}"
	ProjectSection(ProjectDependencies) = postProject
		{36C9D249-CAF9-43C5-B803-62C402B583FE} = {36C9D249-CAF9-43C5-B803-62C402B583FE}
		{5AA646B3-9C6F-4803-8A07-C59CFEF4F2DA} = {5AA646B3-9C6F-4803-8A07-C59CFEF4F2DA}
		{BB478F0D-E828-40ED-881A-21B7E42338A1} = {BB478F0D-E828-40ED-881A-21B7E42338A1}
		{67A17C63-0751-484D-A9DA-2AE4BA104169} = {67A17C63-0751-484D-A9DA-2AE4BA104169}
		{F56269D0-9964-4E25-B1D6-00F6DC3430FA} = {F56269D0-9964-4E25-B1D6-00F6DC3430FA}
	EndProjectSection
EndProject
Project("{8BC9CEB8-8B4A-11D0-8D11-00A0C91BC942}") = "zcompress", "zcompress\zcompress.vcproj", "{B95126CC-EA1E-4FBB-98B8-4D4BA2A543D9}"
	ProjectSection(ProjectDependencies) = postProject
		{36C9D249-CAF9-43C5-B803-62C402B583FE} = {36C9D249-CAF9-43C5-B803-62C402B583FE}
		{5AA646B3-9C6F-4803-8A07-C59CFEF4F2DA} = {5AA646B3-9C6F-4803-8A07-C59CFEF4F2DA}
		{BB478F0D-E828-40ED-881A-21B7E42338A1} = {BB478F0D-E828-40ED-881A-21B7E42338A1}
		{67A17C63-0751-484D-A9DA-2AE4BA104169} = {67A17C63-0751-484D-A9DA-2AE4BA104169}
		{F56269D0-9964-4E25-B1D6-00F6DC3430FA} = {F56269D0-9964-4E25-B1D6-00F6DC3430FA}
		{16EF18E3-BEAF-41FF-898B-B7DE31069E8B} = {16EF18E3-BEAF-41FF-898B-B7DE31069E8B}
	EndProjectSection
EndProject
Project("{8BC9CEB8-8B4A-11D0-8D11-00A0C91BC942}") = "zdecompress", "zdecompress\zdecompress.vcproj", "{A997CEF6-76BA-4F43-9281-6B35AEBD04CC}"
	ProjectSection(ProjectDependencies) = postProject
		{36C9D249-CAF9-43C5-B803-62C402B583FE} = {36C9D249-CAF9-43C5-B803-62C402B583FE}
		{5AA646B3-9C6F-4803-8A07-C59CFEF4F2DA} = {5AA646B3-9C6F-4803-8A07-C59CFEF4F2DA}
		{BB478F0D-E828-40ED-881A-21B7E42338A1} = {BB478F0D-E828-40ED-881A-21B7E42338A1}
		{67A17C63-0751-484D-A9DA-2AE4BA104169} = {67A17C63-0751-484D-A9DA-2AE4BA104169}
		{F56269D0-9964-4E25-B1D6-00F6DC3430FA} = {F56269D0-9964-4E25-B1D6-00F6DC3430FA}
		{16EF18E3-BEAF-41FF-898B-B7DE31069E8B} = {16EF18E3-BEAF-41FF-898B-B7DE31069E8B}
	EndProjectSection
EndProject
Project("{8BC9CEB8-8B4A-11D0-8D11-00A0C91BC942}") = "assorted_test_adc", "assorted_test_adc\assorted_test_adc.vcproj", "{85927897-0454-40AD-9267-E9F215882A45}"
	ProjectSection(ProjectDependencies) = postProject
		{BB478F0D-E828-40ED-881A-21B7E42338A1} = {BB478F0D-E828-40ED-881A-21B7E42338A1}
		{F56269D0-9964-4E25-B1D6-00F6DC3430FA} = {F56269D0-9964-4E25-B1D6-00F6DC3430FA}
	EndProjectSection
EndProject
Project("{8BC9CEB8-8B4A-11D0-8D11-00A0C91BC942}") = "assorted_test_adler32", "assorted_test_adler32\assorted_test_adler32.vcproj", "{804C0C7F-EAC9-4C09-8303-C3A7B85C7791}"
	ProjectSection(ProjectDependencies) = postProject
		{BB478F0D-E828-40ED-881A-21B7E42338A1} = {BB478F0D-E828-40ED-881A-21B7E42338A1}
		{F56269D0-9964-4E25-B1D6-00F6DC3430FA} = {F56269D0-9964-4E25-B1D6-00F6DC3430FA}
	EndProjectSection
EndProject
Project("{8BC9CEB8-8B4A-11D0-8D11-00A0C91BC942}") = "assorted_test_ascii7", "assorted_test_ascii7\assorted_test_ascii7.vcproj", "{72A4BC6C-2928-4DE0-9C08-FD7E62AC15C7}"
	ProjectSection(ProjectDependencies) = postProject
		{BB478F0D-E828-40ED-881A-21B7E42338A1} = {BB478F0D-E828-40ED-881A-21B7E42338A1}
		{F56269D0-9964-4E25-B1D6-00F6DC3430FA} = {F56269D0-9964-4E25-B1D6-00F6DC3430FA}
	EndProjectSection
EndProject
Project("{8BC9CEB8-8B4A-11D0-8D11-00A0C91BC942}") = "assorted_test_bit_stream", "assorted_test_bit_stream\assorted_test_bit_stream.vcproj", "{D59D3842-58BF-41B0-B571-26C157ED29BD}"
	ProjectSection(ProjectDependencies) = postProject
		{BB478F0D-E828-40ED-881A-21B7E42338A1} = {BB478F0D-E828-40ED-881A-21B7E42338A1}
		{F56269D0-9964-4E25-B1D6-00F6DC3430FA} = {F56269D0-9964-4E25-B1D6-00F6DC3430FA}
	EndProjectSection
EndProject
Project("{8BC9CEB8-8B4A-11D0-8D11-00A0C91BC942}") = "assorted_test_bzip", "assorted_test_bzip\assorted_test_bzip.vcproj", "{1A2A25B0-51EA-4929-804D-6490560FAA41}"
	ProjectSection(ProjectDependencies) = postProject
		{BB478F0D-E828-40ED-881A-21B7E42338A1} = {BB478F0D-E828-40ED-881A-21B7E42338A1}
		{F56269D0-9964-4E25-B1D6-00F6DC3430FA} = {F56269D0-9964-4E25-B1D6-00F6DC3430FA}
	EndProjectSection
EndProject
Project("{8BC9CEB8-8B4A-11D0-8D11-00A0C91BC942}") = "assorted_test_crc32", "assorted_test_crc32\assorted_test_crc32.vcproj", "{E39D5075-CC8D-4603-B8C4-29CB170C80A6}"
	ProjectSection(ProjectDependencies) = postProject
		{BB478F0D-E828-40ED-881A-21B7E42338A1} = {BB478F0D-E828-40ED-881A-21B7E42338A1}
		{F56269D0-9964-4E25-B1D6-00F6DC3430FA} = {F56269D0-9964-4E25-B1D6-00F6DC3430FA}
	EndProjectSection
EndProject
Project("{8BC9CEB8-8B4A-11D0-8D11-00A0C91BC942}") = "assorted_test_crc64", "assorted_test_crc64\assorted_test_crc64.vcproj", "{9ADEDE6C-CBA1-46D0-B308-A09B9D6256E6}"
	ProjectSection(ProjectDependencies) = postProject
		{BB478F0D-E828-40ED-881A-21B7E42338A1} = {BB478F0D-E828-40ED-881A-21B7E42338A1}
		{F56269D0-9964-4E25-B1D6-00F6DC3430FA} = {F56269D0-9964-4E25-B1D6-00F6DC3430FA}
	EndProjectSection
EndProject
Project("{8BC9CEB8-8B4A-11D0-8D11-00A0C91BC942}") = "assorted_test_deflate", "assorted_test_deflate\assorted_test_deflate.vcproj", "{A1F6BDF1-9F52-4FCE-8C1C-4D3FC8611FAA}"
	ProjectSection(ProjectDependencies) = postProject
		{BB478F0D-E828-40ED-881A-21B7E42338A1} = {BB478F0D-E828-40ED-881A-21B7E42338A1}
		{F56269D0-9964-4E25-B1D6-00F6DC3430FA} = {F56269D0-9964-4E25-B1D6-00F6DC3430FA}
	EndProjectSection
EndProject
Project("{8BC9CEB8-8B4A-11D0-8D11-00A0C91BC942}") = "assorted_test_fletcher32", "assorted_test_fletcher32\assorted_test_fletcher32.vcproj", "{106F2B3D-8355-4F4D-9C83-D609466169DB}"
	ProjectSection(ProjectDependencies) = postProject
		{BB478F0D-E828-40ED-881A-21B7E42338A1} = {BB478F0D-E828-40ED-881A-21B7E42338A1}
		{F56269D0-9964-4E25-B1D6-00F6DC3430FA} = {F56269D0-9964-4E25-B1D6-00F6DC3430FA}
	EndProjectSection
EndProject
Project("{8BC9CEB8-8B4A-11D0-8D11-00A0C91BC942}") = "assorted_test_fletcher64", "assorted_test_fletcher64\assorted_test_fletcher64.vcproj", "{88BA8B48-0F7A-466E-A177-8E419A1C9DC9}"
	ProjectSection(ProjectDependencies) = postProject
		{BB478F0D-E828-40ED-881A-21B7E42338A1} = {BB478F0D-E828-40ED-881A-21B7E42338A1}
		{F56269D0-9964-4E25-B1D6-00F6DC3430FA} = {F56269D0-9964-4E25-B1D6-00F6DC3430FA}
	EndProjectSection
EndProject
Project("{8BC9CEB8-8B4A-11D0-8D11-00A0C91BC942}") = "assorted_test_huffman_tree", "assorted_test_huffman_tree\assorted_test_huffman_tree.vcproj", "{E21677C7-FB5C-4E54-9416-3B93A2B98298}"
	ProjectSection(ProjectDependencies) = postProject
		{BB478F0D-E828-40ED-881A-21B7E42338A1} = {BB478F0D-E828-40ED-881A-21B7E42338A1}
		{F56269D0-9964-4E25-B1D6-00F6DC3430FA} = {F56269D0-9964-4E25-B1D6-00F6DC3430FA}
	EndProjectSection
EndProject
Project("{8BC9CEB8-8B4A-11D0-8D11-00A0C91BC942}") = "assorted_test_lzfse", "assorted_test_lzfse\assorted_test_lzfse.vcproj", "{650614FE-0F2B-4634-B857-E68161E2998D}"
	ProjectSection(ProjectDependencies) = postProject
		{BB478F0D-E828-40ED-881A-21B7E42338A1} = {BB478F0D-E828-40ED-881A-21B7E42338A1}
		{F56269D0-9964-4E25-B1D6-00F6DC3430FA} = {F56269D0-9964-4E25-B1D6-00F6DC3430FA}
	EndProjectSection
EndProject
Project("{8BC9CEB8-8B4A-11D0-8D11-00A0C91BC942}") = "assorted_test_lzfu", "assorted_test_lzfu\assorted_test_lzfu.vcproj", "{F3C38645-5F1E-4236-824D-F08181026C62}"
	ProjectSection(ProjectDependencies) = postProject
		{BB478F0D-E828-40ED-881A-21B7E42338A1} = {BB478F0D-E828-40ED-881A-21B7E42338A1}
		{F56269D0-9964-4E25-B1D6-00F6DC3430FA} = {F56269D0-9964-4E25-B1D6-00F6DC3430FA}
	EndProjectSection
EndProject
Project("{8BC9CEB8-8B4A-11D0-8D11-00A0C91BC942}") = "assorted_test_lzvn", "assorted_test_lzvn\assorted_test_lzvn.vcproj", "{5AFD7365-7A6A-47E2-9379-25A6A3214813}"
	ProjectSection(ProjectDependencies) = postProject
		{BB478F0D-E828-40ED-881A-21B7E42338A1} = {BB478F0D-E828-40ED-881A-21B7E42338A1}
		{F56269D0-9964-4E25-B1D6-00F6DC3430FA} = {F56269D0-9964-4E25-B1D6-00F6DC3430FA}
	EndProjectSection
EndProject
Project("{8BC9CEB8-8B4A-11D0-8D11-00A0C91BC942}") = "assorted_test_xor32", "assorted_test_xor32\assorted_test_xor32.vcproj", "{3C7DDD38-36F2-40D7-BD89-1A4B2AF70DD7}"
	ProjectSection(ProjectDependencies) = postProject
		{BB478F0D-E828-40ED-881A-21B7E42338A1} = {BB478F0D-E828-40ED-881A-21B7E42338A1}
		{F56269D0-9964-4E25-B1D6-00F6DC3430FA} = {F56269D0-9964-4E25-B1D6-00F6DC3430FA}
	EndProjectSection
EndProject
Project("{8BC9CEB8-8B4A-11D0-8D11-00A0C91BC942}") = "assorted_test_xor64", "assorted_test_xor64\assorted_test_xor64.vcproj", "{3FAA6115-B606-466E-A1FE-F7D4D89064E8}"
	ProjectSection(ProjectDependencies) = postProject
		{BB478F0D-E828-40ED-881A-21B7E42338A1} = {BB478F0D-E828-40ED-881A-21B7E42338A1}
		{F56269D0-9964-4E25-B1D6-00F6DC3430FA} = {F56269D0-9964-4E25-B1D6-00F6DC3430FA}
	EndProjectSection
EndProject
Project("{8BC9CEB8-8B4A-11D0-8D11-00A0C91BC942}") = "libcdata", "libcdata\libcdata.vcproj", "{5E431527-E9A7-4F6D-9A92-38EE4487E8DB}"
	ProjectSection(ProjectDependencies) = postProject
		{F56269D0-9964-4E25-B1D6-00F6DC3430FA} = {F56269D0-9964-4E25-B1D6-00F6DC3430FA}
		{072D9570-035B-433C-B139-00B155DF9DE4} = {072D9570-035B-433C-B139-00B155DF9DE4}
	EndProjectSection
EndProject
Project("{8BC9CEB8-8B4A-11D0-8D11-00A0C91BC942}") = "libcerror", "libcerror\libcerror.vcproj", "{F56269D0-9964-4E25-B1D6-00F6DC3430FA}"
EndProject
Project("{8BC9CEB8-8B4A-11D0-8D11-00A0C91BC942}") = "libcfile", "libcfile\libcfile.vcproj", "{36C9D249-CAF9-43C5-B803-62C402B583FE}"
	ProjectSection(ProjectDependencies) = postProject
		{F56269D0-9964-4E25-B1D6-00F6DC3430FA} = {F56269D0-9964-4E25-B1D6-00F6DC3430FA}
		{67A17C63-0751-484D-A9DA-2AE4BA104169} = {67A17C63-0751-484D-A9DA-2AE4BA104169}
		{BB478F0D-E828-40ED-881A-21B7E42338A1} = {BB478F0D-E828-40ED-881A-21B7E42338A1}
		{5AA646B3-9C6F-4803-8A07-C59CFEF4F2DA} = {5AA646B3-9C6F-4803-8A07-C59CFEF4F2DA}
	EndProjectSection
EndProject
Project("{8BC9CEB8-8B4A-11D0-8D11-00A0C91BC942}") = "libclocale", "libclocale\libclocale.vcproj", "{67A17C63-0751-484D-A9DA-2AE4BA104169}"
	ProjectSection(ProjectDependencies) = postProject
		{F56269D0-9964-4E25-B1D6-00F6DC3430FA} = {F56269D0-9964-4E25-B1D6-00F6DC3430FA}
	EndProjectSection
EndProject
Project("{8BC9CEB8-8B4A-11D0-8D11-00A0C91BC942}") = "libcnotify", "libcnotify\libcnotify.vcproj", "{BB478F0D-E828-40ED-881A-21B7E42338A1}"
	ProjectSection(ProjectDependencies) = postProject
		{F56269D0-9964-4E25-B1D6-00F6DC3430FA} = {F56269D0-9964-4E25-B1D6-00F6DC3430FA}
	EndProjectSection
EndProject
Project("{8BC9CEB8-8B4A-11D0-8D11-00A0C91BC942}") = "libcthreads", "libcthreads\libcthreads.vcproj", "{072D9570-035B-433C-B139-00B155DF9DE4}"
	ProjectSection(ProjectDependencies) = postProject
		{F56269D0-9964-4E25-B1D6-00F6DC3430FA} = {F56269D0-9964-4E25-B1D6-00F6DC3430FA}
	EndProjectSection
EndProject
Project("{8BC9CEB8-8B4A-11D0-8D11-00A0C91BC942}") = "libfcrypto", "libfcrypto\libfcrypto.vcproj", "{BFE462F5-E083-41CB-8F51-6BA86CB62240}"
	ProjectSection(ProjectDependencies) = postProject
		{F56269D0-9964-4E25-B1D6-00F6DC3430FA} = {F56269D0-9964-4E25-B1D6-00F6DC3430FA}
	EndProjectSection
EndProject
Project("{8BC9CEB8-8B4A-11D0-8D11-00A0C91BC942}") = "libfdatetime", "libfdatetime\libfdatetime.vcproj", "{66CD4865-1D7D-4FBC-B32C-0226C57F9913}"
	ProjectSection(ProjectDependencies) = postProject
		{F56269D0-9964-4E25-B1D6-00F6DC3430FA} = {F56269D0-9964-4E25-B1D6-00F6DC3430FA}
	EndProjectSection
EndProject
Project("{8BC9CEB8-8B4A-11D0-8D11-00A0C91BC942}") = "libfguid", "libfguid\libfguid.vcproj", "{7705B596-14BD-48CB-8328-B7580810198B}"
	ProjectSection(ProjectDependencies) = postProject
		{F56269D0-9964-4E25-B1D6-00F6DC3430FA} = {F56269D0-9964-4E25-B1D6-00F6DC3430FA}
	EndProjectSection
EndProject
Project("{8BC9CEB8-8B4A-11D0-8D11-00A0C91BC942}") = "libfplist", "libfplist\libfplist.vcproj", "{A62435FF-3966-48D2-B4FE-05B5A958E837}"
	ProjectSection(ProjectDependencies) = postProject
		{F56269D0-9964-4E25-B1D6-00F6DC3430FA} = {F56269D0-9964-4E25-B1D6-00F6DC3430FA}
		{5E431527-E9A7-4F6D-9A92-38EE4487E8DB} = {5E431527-E9A7-4F6D-9A92-38EE4487E8DB}
		{BB478F0D-E828-40ED-881A-21B7E42338A1} = {BB478F0D-E828-40ED-881A-21B7E42338A1}
		{5AA646B3-9C6F-4803-8A07-C59CFEF4F2DA} = {5AA646B3-9C6F-4803-8A07-C59CFEF4F2DA}
		{66CD4865-1D7D-4FBC-B32C-0226C57F9913} = {66CD4865-1D7D-4FBC-B32C-0226C57F9913}
		{7705B596-14BD-48CB-8328-B7580810198B} = {7705B596-14BD-48CB-8328-B7580810198B}
		{200BFC01-8CBF-4847-912C-9CDCBAA9069C} = {200BFC01-8CBF-4847-912C-9CDCBAA9069C}
	EndProjectSection
EndProject
Project("{8BC9CEB8-8B4A-11D0-8D11-00A0C91BC942}") = "libfvalue", "libfvalue\libfvalue.vcproj", "{200BFC01-8CBF-4847-912C-9CDCBAA9069C}"
	ProjectSection(ProjectDependencies) = postProject
		{F56269D0-9964-4E25-B1D6-00F6DC3430FA} = {F56269D0-9964-4E25-B1D6-00F6DC3430FA}
		{072D9570-035B-433C-B139-00B155DF9DE4} = {072D9570-035B-433C-B139-00B155DF9DE4}
		{5E431527-E9A7-4F6D-9A92-38EE4487E8DB} = {5E431527-E9A7-4F6D-9A92-38EE4487E8DB}
		{BB478F0D-E828-40ED-881A-21B7E42338A1} = {BB478F0D-E828-40ED-881A-21B7E42338A1}
		{5AA646B3-9C6F-4803-8A07-C59CFEF4F2DA} = {5AA646B3-9C6F-4803-8A07-C59CFEF4F2DA}
		{66CD4865-1D7D-4FBC-B32C-0226C57F9913} = {66CD4865-1D7D-4FBC-B32C-0226C57F9913}
		{7705B596-14BD-48CB-8328-B7580810198B} = {7705B596-14BD-48CB-8328-B7580810198B}
		{BF1508A8-1746-40F3-B8E9-FEC07571E881} = {BF1508A8-1746-40F3-B8E9-FEC07571E881}
	EndProjectSection
EndProject
Project("{8BC9CEB8-8B4A-11D0-8D11-00A0C91BC942}") = "libfwevt", "libfwevt\libfwevt.vcproj", "{A787DD38-C82F-4056-8E70-32C9F94C87C2}"
	ProjectSection(ProjectDependencies) = postProject
		{F56269D0-9964-4E25-B1D6-00F6DC3430FA} = {F56269D0-9964-4E25-B1D6-00F6DC3430FA}
		{072D9570-035B-433C-B139-00B155DF9DE4} = {072D9570-035B-433C-B139-00B155DF9DE4}
		{5E431527-E9A7-4F6D-9A92-38EE4487E8DB} = {5E431527-E9A7-4F6D-9A92-38EE4487E8DB}
		{BB478F0D-E828-40ED-881A-21B7E42338A1} = {BB478F0D-E828-40ED-881A-21B7E42338A1}
		{66CD4865-1D7D-4FBC-B32C-0226C57F9913} = {66CD4865-1D7D-4FBC-B32C-0226C57F9913}
		{7705B596-14BD-48CB-8328-B7580810198B} = {7705B596-14BD-48CB-8328-B7580810198B}
		{200BFC01-8CBF-4847-912C-9CDCBAA9069C} = {200BFC01-8CBF-4847-912C-9CDCBAA9069C}
		{5AA646B3-9C6F-4803-8A07-C59CFEF4F2DA} = {5AA646B3-9C6F-4803-8A07-C59CFEF4F2DA}
	EndProjectSection
EndProject
Project("{8BC9CEB8-8B4A-11D0-8D11-00A0C91BC942}") = "libfwnt", "libfwnt\libfwnt.vcproj", "{BF1508A8-1746-40F3-B8E9-FEC07571E881}"
	ProjectSection(ProjectDependencies) = postProject
		{F56269D0-9964-4E25-B1D6-00F6DC3430FA} = {F56269D0-9964-4E25-B1D6-00F6DC3430FA}
		{072D9570-035B-433C-B139-00B155DF9DE4} = {072D9570-035B-433C-B139-00B155DF9DE4}
		{5E431527-E9A7-4F6D-9A92-38EE4487E8DB} = {5E431527-E9A7-4F6D-9A92-38EE4487E8DB}
		{BB478F0D-E828-40ED-881A-21B7E42338A1} = {BB478F0D-E828-40ED-881A-21B7E42338A1}
	EndProjectSection
EndProject
Project("{8BC9CEB8-8B4A-11D0-8D11-00A0C91BC942}") = "libhmac", "libhmac\libhmac.vcproj", "{2648E298-2DF2-4993-8EF1-52AA38307FE3}"
	ProjectSection(ProjectDependencies) = postProject
		{F56269D0-9964-4E25-B1D6-00F6DC3430FA} = {F56269D0-9964-4E25-B1D6-00F6DC3430FA}
	EndProjectSection
EndProject
Project("{8BC9CEB8-8B4A-11D0-8D11-00A0C91BC942}") = "libuna", "libuna\libuna.vcproj", "{5AA646B3-9C6F-4803-8A07-C59CFEF4F2DA}"
	ProjectSection(ProjectDependencies) = postProject
		{F56269D0-9964-4E25-B1D6-00F6DC3430FA} = {F56269D0-9964-4E25-B1D6-00F6DC3430FA}
	EndProjectSection
EndProject
Project("{8BC9CEB8-8B4A-11D0-8D11-00A0C91BC942}") = "zlib", "zlib\zlib.vcproj", "{16EF18E3-BEAF-41FF-898B-B7DE31069E8B}"
EndProject
Project("{8BC9CEB8-8B4A-11D0-8D11-00A0C91BC942}") = "bzip2", "bzip2\bzip2.vcproj", "{B75D832D-587D-4CD3-9C24-BBCFA3203BD0}"
EndProject
Global
	GlobalSection(SolutionConfigurationPlatforms) = preSolution
		Release|Win32 = Release|Win32
		VSDebug|Win32 = VSDebug|Win32
	EndGlobalSection
	GlobalSection(ProjectConfigurationPlatforms) = postSolution
		{94E26F5B-B390-4EC6-A621-C5DCE908D003}.Release|Win32.ActiveCfg = Release|Win32
		{94E26F5B-B390-4EC6-A621-C5DCE908D003}.Release|Win32.Build.0 = Release|Win32
		{94E26F5B-B390-4EC6-A621-C5DCE908D003}.VSDebug|Win32.ActiveCfg = VSDebug|Win32
		{94E26F5B-B390-4EC6-A621-C5DCE908D003}.VSDebug|Win32.Build.0 = VSDebug|Win32
		{9B694EF2-6D43-4D32-AB32-9C4ABC43F11F}.Release|Win32.ActiveCfg = Release|Win32
		{9B694EF2-6D43-4D32-AB32-9C4ABC43F11F}.Release|Win32.Build.0 = Release|Win32
		{9B694EF2-6D43-4D32-AB32-9C4ABC43F11F}.VSDebug|Win32.ActiveCfg = VSDebug|Win32
		{9B694EF2-6D43-4D32-AB32-9C4ABC43F11F}.VSDebug|Win32.Build.0 = VSDebug|Win32
		{E66FFC8D-D24F-49BE-9DAA-02F6D735ADE6}.Release|Win32.ActiveCfg = Release|Win32
		{E66FFC8D-D24F-49BE-9DAA-02F6D735ADE6}.Release|Win32.Build.0 = Release|Win32
		{E66FFC8D-D24F-49BE-9DAA-02F6D735ADE6}.VSDebug|Win32.ActiveCfg = VSDebug|Win32
		{E66FFC8D-D24F-49BE-9DAA-02F6D735ADE6}.VSDebug|Win32.Build.0 = VSDebug|Win32
		{7D7B4B5F-47CB-4A31-82EE-74839B1C73B9}.Release|Win32.ActiveCfg = Release|Win32
		{7D7B4B5F-47CB-4A31-82EE-74839B1C73B9}.Release|Win32.Build.0 = Release|Win32
		{7D7B4B5F-47CB-4A31-82EE-74839B1C73B9}.VSDebug|Win32.ActiveCfg = VSDebug|Win32
		{7D7B4B5F-47CB-4A31-82EE-74839B1C73B9}.VSDebug|Win32.Build.0 = VSDebug|Win32
		{8E17ADC6-8F98-4202-B401-DC8ACD2672A0}.Release|Win32.ActiveCfg = Release|Win32
		{8E17ADC6-8F98-4202-B401-DC8ACD2672A0}.Release|Win32.Build.0 = Release|Win32
		{8E17ADC6-8F98-4202-B401-DC8ACD2672A0}.VSDebug|Win32.ActiveCfg = VSDebug|Win32
		{8E17ADC6-8F98-4202-B401-DC8ACD2672A0}.VSDebug|Win32.Build.0 = VSDebug|Win32
		{689BDFE8-BE8E-4FB4-9EF9-727F7CB0D597}.Release|Win32.ActiveCfg = Release|Win32
		{689BDFE8-BE8E-4FB4-9EF9-727F7CB0D597}.Release|Win32.Build.0 = Release|Win32
		{689BDFE8-BE8E-4FB4-9EF9-727F7CB0D597}.VSDebug|Win32.ActiveCfg = VSDebug|Win32
		{689BDFE8-BE8E-4FB4-9EF9-727F7CB0D597}.VSDebug|Win32.Build.0 = VSDebug|Win32
		{77991E66-995B-49E6-8EE2-54BAA1BA67E7}.Release|Win32.ActiveCfg = Release|Win32
		{77991E66-995B-49E6-8EE2-54BAA1BA67E7}.Release|Win32.Build.0 = Release|Win32
		{77991E66-995B-49E6-8EE2-54BAA1BA67E7}.VSDebug|Win32.ActiveCfg = VSDebug|Win32
		{77991E66-995B-49E6-8EE2-54BAA1BA67E7}.VSDebug|Win32.Build.0 = VSDebug|Win32
		{49362438-97F4-43C0-BC0C-5E01B356E18C}.Release|Win32.ActiveCfg = Release|Win32
		{49362438-97F4-43C0-BC0C-5E01B356E18C}.Release|Win32.Build.0 = Release|Win32
		{49362438-97F4-43C0-BC0C-5E01B356E18C}.VSDebug|Win32.ActiveCfg = VSDebug|Win32
		{49362438-97F4-43C0-BC0C-5E01B356E18C}.VSDebug|Win32.Build.0 = VSDebug|Win32
		{2EE58E70-84D4-4CD2-B780-B54F666491CC}.Release|Win32.ActiveCfg = Release|Win32
		{2EE58E70-84D4-4CD2-B780-B54F666491CC}.Release|Win32.Build.0 = Release|Win32
		{2EE58E70-84D4-4CD2-B780-B54F666491CC}.VSDebug|Win32.ActiveCfg = VSDebug|Win32
		{2EE58E70-84D4-4CD2-B780-B54F666491CC}.VSDebug|Win32.Build.0 = VSDebug|Win32
		{AAA81DBD-AA66-45E9-A942-C15F3A5EA4C7}.Release|Win32.ActiveCfg = Release|Win32
		{AAA81DBD-AA66-45E9-A942-C15F3A5EA4C7}.Release|Win32.Build.0 = Release|Win32
		{AAA81DBD-AA66-45E9-A942-C15F3A5EA4C7}.VSDebug|Win32.ActiveCfg = VSDebug|Win32
		{AAA81DBD-AA66-45E9-A942-C15F3A5EA4C7}.VSDebug|Win32.Build.0 = VSDebug|Win32
		{C283B806-4FFF-4324-8DF3-17818A7757F9}.Release|Win32.ActiveCfg = Release|Win32
		{C283B806-4FFF-4324-8DF3-17818A7757F9}.Release|Win32.Build.0 = Release|Win32
		{C283B806-4FFF-4324-8DF3-17818A7757F9}.VSDebug|Win32.ActiveCfg = VSDebug|Win32
		{C283B806-4FFF-4324-8DF3-17818A7757F9}.VSDebug|Win32.Build.0 = VSDebug|Win32
		{51941255-1FF8-4600-964A-3C0CDBDB544B}.Release|Win32.ActiveCfg = Release|Win32
		{51941255-1FF8-4600-964A-3C0CDBDB544B}.Release|Win32.Build.0 = Release|Win32
		{51941255-1FF8-4600-964A-3C0CDBDB544B}.VSDebug|Win32.ActiveCfg = VSDebug|Win32
		{51941255-1FF8-4600-964A-3C0CDBDB544B}.VSDebug|Win32.Build.0 = VSDebug|Win32
		{3295BC12-1C30-45CA-9C3A-245F3541393E}.Release|Win32.ActiveCfg = Release|Win32
		{3295BC12-1C30-45CA-9C3A-245F3541393E}.Release|Win32.Build.0 = Release|Win32
		{3295BC12-1C30-45CA-9C3A-245F3541393E}.VSDebug|Win32.ActiveCfg = VSDebug|Win32
		{3295BC12-1C30-45CA-9C3A-245F3541393E}.VSDebug|Win32.Build.0 = VSDebug|Win32
		{28F5A00B-3DA6-4F87-89B3-80B265BADC51}.Release|Win32.ActiveCfg = Release|Win32
		{28F5A00B-3DA6-4F87-89B3-80B265BADC51}.Release|Win32.Build.0 = Release|Win32
		{28F5A00B-3DA6-4F87-89B3-80B265BADC51}.VSDebug|Win32.ActiveCfg = VSDebug|Win32
		{28F5A00B-3DA6-4F87-89B3-80B265BADC51}.VSDebug|Win32.Build.0 = VSDebug|Win32
		{1C6E18A5-B534-466C-9F07-062A11CF546B}.Release|Win32.ActiveCfg = Release|Win32
		{1C6E18A5-B534-466C-9F07-062A11CF546B}.Release|Win32.Build.0 = Release|Win32
		{1C6E18A5-B534-466C-9F07-062A11CF546B}.VSDebug|Win32.ActiveCfg = VSDebug|Win32
		{1C6E18A5-B534-466C-9F07-062A11CF546B}.VSDebug|Win32.Build.0 = VSDebug|Win32
		{9C638802-9561-4184-A676-50520E17965A}.Release|Win32.ActiveCfg = Release|Win32
		{9C638802-9561-4184-A676-50520E17965A}.Release|Win32.Build.0 = Release|Win32
		{9C638802-9561-4184-A676-50520E17965A}.VSDebug|Win32.ActiveCfg = VSDebug|Win32
		{9C638802-9561-4184-A676-50520E17965A}.VSDebug|Win32.Build.0 = VSDebug|Win32
		{1B21C11A-D574-4ADA-8F70-6FCE74F0241D}.Release|Win32.ActiveCfg = Release|Win32
		{1B21C11A-D574-4ADA-8F70-6FCE74F0241D}.Release|Win32.Build.0 = Release|Win32
		{1B21C11A-D574-4ADA-8F70-6FCE74F0241D}.VSDebug|Win32.ActiveCfg = VSDebug|Win32
		{1B21C11A-D574-4ADA-8F70-6FCE74F0241D}.VSDebug|Win32.Build.0 = VSDebug|Win32
		{441B62D5-0A32-4F60-B6B6-BD6F4DB4DD0B}.Release|Win32.ActiveCfg = Release|Win32
		{441B62D5-0A32-4F60-B6B6-BD6F4DB4DD0B}.Release|Win32.Build.0 = Release|Win32
		{441B62D5-0A32-4F60-B6B6-BD6F4DB4DD0B}.VSDebug|Win32.ActiveCfg = VSDebug|Win32
		{441B62D5-0A32-4F60-B6B6-BD6F4DB4DD0B}.VSDebug|Win32.Build.0 = VSDebug|Win32
		{63A9E023-DADC-48E1-BFF9-21A0B7D9F5AA}.Release|Win32.ActiveCfg = Release|Win32
		{63A9E023-DADC-48E1-BFF9-21A0B7D9F5AA}.Release|Win32.Build.0 = Release|Win32
		{63A9E023-DADC-48E1-BFF9-21A0B7D9F5AA}.VSDebug|Win32.ActiveCfg = VSDebug|Win32
		{63A9E023-DADC-48E1-BFF9-21A0B7D9F5AA}.VSDebug|Win32.Build.0 = VSDebug|Win32
		{D36C1853-82D8-44BE-BB0F-D54CA5160466}.Release|Win32.ActiveCfg = Release|Win32
		{D36C1853-82D8-44BE-BB0F-D54CA5160466}.Release|Win32.Build.0 = Release|Win32
		{D36C1853-82D8-44BE-BB0F-D54CA5160466}.VSDebug|Win32.ActiveCfg = VSDebug|Win32
		{D36C1853-82D8-44BE-BB0F-D54CA5160466}.VSDebug|Win32.Build.0 = VSDebug|Win32
		{9D98F836-4419-44FB-AAC7-3D8808A930CE}.Release|Win32.ActiveCfg = Release|Win32
		{9D98F836-4419-44FB-AAC7-3D8808A930CE}.Release|Win32.Build.0 = Release|Win32
		{9D98F836-4419-44FB-AAC7-3D8808A930CE}.VSDebug|Win32.ActiveCfg = VSDebug|Win32
		{9D98F836-4419-44FB-AAC7-3D8808A930CE}.VSDebug|Win32.Build.0 = VSDebug|Win32
		{5C544309-18E8-4A5C-AE8A-6CDE4F79139C}.Release|Win32.ActiveCfg = Release|Win32
		{5C544309-18E8-4A5C-AE8A-6CDE4F79139C}.Release|Win32.Build.0 = Release|Win32
		{5C544309-18E8-4A5C-AE8A-6CDE4F79139C}.VSDebug|Win32.ActiveCfg = VSDebug|Win32
		{5C544309-18E8-4A5C-AE8A-6CDE4F79139C}.VSDebug|Win32.Build.0 = VSDebug|Win32
		{2FA294AF-4A12-4F1E-BEAD-4EFB34A5497B}.Release|Win32.ActiveCfg = Release|Win32
		{2FA294AF-4A12-4F1E-BEAD-4EFB34A5497B}.Release|Win32.Build.0 = Release|Win32
		{2FA294AF-4A12-4F1E-BEAD-4EFB34A5497B}.VSDebug|Win32.ActiveCfg = VSDebug|Win32
		{2FA294AF-4A12-4F1E-BEAD-4EFB34A5497B}.VSDebug|Win32.Build.0 = VSDebug|Win32
		{0FD45764-1BB2-44E8-B9D1-902E8A6E3E21}.Release|Win32.ActiveCfg = Release|Win32
		{0FD45764-1BB2-44E8-B9D1-902E8A6E3E21}.Release|Win32.Build.0 = Release|Win32
		{0FD45764-1BB2-44E8-B9D1-902E8A6E3E21}.VSDebug|Win32.ActiveCfg = VSDebug|Win32
		{0FD45764-1BB2-44E8-B9D1-902E8A6E3E21}.VSDebug|Win32.Build.0 = VSDebug|Win32
		{DAD4DD07-2537-4C6B-8FF3-39B062A0FBDA}.Release|Win32.ActiveCfg = Release|Win32
		{DAD4DD07-2537-4C6B-8FF3-39B062A0FBDA}.Release|Win32.Build.0 = Release|Win32
		{DAD4DD07-2537-4C6B-8FF3-39B062A0FBDA}.VSDebug|Win32.ActiveCfg = VSDebug|Win32
		{DAD4DD07-2537-4C6B-8FF3-39B062A0FBDA}.VSDebug|Win32.Build.0 = VSDebug|Win32
		{2D657380-0733-4C98-BE7D-AB710462246A}.Release|Win32.ActiveCfg = Release|Win32
		{2D657380-0733-4C98-BE7D-AB710462246A}.Release|Win32.Build.0 = Release|Win32
		{2D657380-0733-4C98-BE7D-AB710462246A}.VSDebug|Win32.ActiveCfg = VSDebug|Win32
		{2D657380-0733-4C98-BE7D-AB710462246A}.VSDebug|Win32.Build.0 = VSDebug|Win32
		{B95126CC-EA1E-4FBB-98B8-4D4BA2A543D9}.Release|Win32.ActiveCfg = Release|Win32
		{B95126CC-EA1E-4FBB-98B8-4D4BA2A543D9}.Release|Win32.Build.0 = Release|Win32
		{B95126CC-EA1E-4FBB-98B8-4D4BA2A543D9}.VSDebug|Win32.ActiveCfg = VSDebug|Win32
		{B95126CC-EA1E-4FBB-98B8-4D4BA2A543D9}.VSDebug|Win32.Build.0 = VSDebug|Win32
		{A997CEF6-76BA-4F43-9281-6B35AEBD04CC}.Release|Win32.ActiveCfg = Release|Win32
		{A997CEF6-76BA-4F43-9281-6B35AEBD04CC}.Release|Win32.Build.0 = Release|Win32
		{A997CEF6-76BA-4F43-9281-6B35AEBD04CC}.VSDebug|Win32.ActiveCfg = VSDebug|Win32
		{A997CEF6-76BA-4F43-9281-6B35AEBD04CC}.VSDebug|Win32.Build.0 = VSDebug|Win32
		{85927897-0454-40AD-9267-E9F215882A45}.Release|Win32.ActiveCfg = Release|Win32
		{85927897-0454-40AD-9267-E9F215882A45}.Release|Win32.Build.0 = Release|Win32
		{85927897-0454-40AD-9267-E9F215882A45}.VSDebug|Win32.ActiveCfg = VSDebug|Win32
		{85927897-0454-40AD-9267-E9F215882A45}.VSDebug|Win32.Build.0 = VSDebug|Win32
		{804C0C7F-EAC9-4C09-8303-C3A7B85C7791}.Release|Win32.ActiveCfg = Release|Win32
		{804C0C7F-EAC9-4C09-8303-C3A7B85C7791}.Release|Win32.Build.0 = Release|Win32
		{804C0C7F-EAC9-4C09-8303-C3A7B85C7791}.VSDebug|Win32.ActiveCfg = VSDebug|Win32
		{804C0C7F-EAC9-4C09-8303-C3A7B85C7791}.VSDebug|Win32.Build.0 = VSDebug|Win32
		{72A4BC6C-2928-4DE0-9C08-FD7E62AC15C7}.Release|Win32.ActiveCfg = Release|Win32
		{72A4BC6C-2928-4DE0-9C08-FD7E62AC15C7}.Release|Win32.Build.0 = Release|Win32
		{72A4BC6C-2928-4DE0-9C08-FD7E62AC15C7}.VSDebug|Win32.ActiveCfg = VSDebug|Win32
		{72A4BC6C-2928-4DE0-9C08-FD7E62AC15C7}.VSDebug|Win32.Build.0 = VSDebug|Win32
		{D59D3842-58BF-41B0-B571-26C157ED29BD}.Release|Win32.ActiveCfg = Release|Win32
		{D59D3842-58BF-41B0-B571-26C157ED29BD}.Release|Win32.Build.0 = Release|Win32
		{D59D3842-58BF-41B0-B571-26C157ED29BD}.VSDebug|Win32.ActiveCfg = VSDebug|Win32
		{D59D3842-58BF-41B0-B571-26C157ED29BD}.VSDebug|Win32.Build.0 = VSDebug|Win32
		{1A2A25B0-51EA-4929-804D-6490560FAA41}.Release|Win32.ActiveCfg = Release|Win32
		{1A2A25B0-51EA-4929-804D-6490560FAA41}.Release|Win32.Build.0 = Release|Win32
		{1A2A25B0-51EA-4929-804D-6490560FAA41}.VSDebug|Win32.ActiveCfg = VSDebug|Win32
		{1A2A25B0-51EA-4929-804D-6490560FAA41}.VSDebug|Win32.Build.0 = VSDebug|Win32
		{E39D5075-CC8D-4603-B8C4-29CB170C80A6}.Release|Win32.ActiveCfg = Release|Win32
		{E39D5075-CC8D-4603-B8C4-29CB170C80A6}.Release|Win32.Build.0 = Release|Win32
		{E39D5075-CC8D-4603-B8C4-29CB170C80A6}.VSDebug|Win32.ActiveCfg = VSDebug|Win32
		{E39D5075-CC8D-4603-B8C4-29CB170C80A6}.VSDebug|Win32.Build.0 = VSDebug|Win32
		{9ADEDE6C-CBA1-46D0-B308-A09B9D6256E6}.Release|Win32.ActiveCfg = Release|Win32
		{9ADEDE6C-CBA1-46D0-B308-A09B9D6256E6}.Release|Win32.Build.0 = Release|Win32
		{9ADEDE6C-CBA1-46D0-B308-A09B9D6256E6}.VSDebug|Win32.ActiveCfg = VSDebug|Win32
		{9ADEDE6C-CBA1-46D0-B308-A09B9D6256E6}.VSDebug|Win32.Build.0 = VSDebug|Win32
		{A1F6BDF1-9F52-4FCE-8C1C-4D3FC8611FAA}.Release|Win32.ActiveCfg = Release|Win32
		{A1F6BDF1-9F52-4FCE-8C1C-4D3FC8611FAA}.Release|Win32.Build.0 = Release|Win32
		{A1F6BDF1-9F52-4FCE-8C1C-4D3FC8611FAA}.VSDebug|Win32.ActiveCfg = VSDebug|Win32
		{A1F6BDF1-9F52-4FCE-8C1C-4D3FC8611FAA}.VSDebug|Win32.Build.0 = VSDebug|Win32
		{106F2B3D-8355-4F4D-9C83-D609466169DB}.Release|Win32.ActiveCfg = Release|Win32
		{106F2B3D-8355-4F4D-9C83-D609466169DB}.Release|Win32.Build.0 = Release|Win32
		{106F2B3D-8355-4F4D-9C83-D609466169DB}.VSDebug|Win32.ActiveCfg = VSDebug|Win32
		{106F2B3D-8355-4F4D-9C83-D609466169DB}.VSDebug|Win32.Build.0 = VSDebug|Win32
		{88BA8B48-0F7A-466E-A177-8E419A1C9DC9}.Release|Win32.ActiveCfg = Release|Win32
		{88BA8B48-0F7A-466E-A177-8E419A1C9DC9}.Release|Win32.Build.0 = Release|Win32
		{88BA8B48-0F7A-466E-A177-8E419A1C9DC9}.VSDebug|Win32.ActiveCfg = VSDebug|Win32
		{88BA8B48-0F7A-466E-A177-8E419A1C9DC9}.VSDebug|Win32.Build.0 = VSDebug|Win32
		{E21677C7-FB5C-4E54-9416-3B93A2B98298}.Release|Win32.ActiveCfg = Release|Win32
		{E21677C7-FB5C-4E54-9416-3B93A2B98298}.Release|Win32.Build.0 = Release|Win32
		{E21677C7-FB5C-4E54-9416-3B93A2B98298}.VSDebug|Win32.ActiveCfg = VSDebug|Win32
		{E21677C7-FB5C-4E54-9416-3B93A2B98298}.VSDebug|Win32.Build.0 = VSDebug|Win32
		{650614FE-0F2B-4634-B857-E68161E2998D}.Release|Win32.ActiveCfg = Release|Win32
		{650614FE-0F2B-4634-B857-E68161E2998D}.Release|Win32.Build.0 = Release|Win32
		{650614FE-0F2B-4634-B857-E68161E2998D}.VSDebug|Win32.ActiveCfg = VSDebug|Win32
		{650614FE-0F2B-4634-B857-E68161E2998D}.VSDebug|Win32.Build.0 = VSDebug|Win32
		{F3C38645-5F1E-4236-824D-F08181026C62}.Release|Win32.ActiveCfg = Release|Win32
		{F3C38645-5F1E-4236-824D-F08181026C62}.Release|Win32.Build.0 = Release|Win32
		{F3C38645-5F1E-4236-824D-F08181026C62}.VSDebug|Win32.ActiveCfg = VSDebug|Win32
		{F3C38645-5F1E-4236-824D-F08181026C62}.VSDebug|Win32.Build.0 = VSDebug|Win32
		{5AFD7365-7A6A-47E2-9379-25A6A3214813}.Release|Win32.ActiveCfg = Release|Win32
		{5AFD7365-7A6A-47E2-9379-25A6A3214813}.Release|Win32.Build.0 = Release|Win32
		{5AFD7365-7A6A-47E2-9379-25A6A3214813}.VSDebug|Win32.ActiveCfg = VSDebug|Win32
		{5AFD7365-7A6A-47E2-9379-25A6A3214813}.VSDebug|Win32.Build.0 = VSDebug|Win32
		{3C7DDD38-36F2-40D7-BD89-1A4B2AF70DD7}.Release|Win32.ActiveCfg = Release|Win32
		{3C7DDD38-36F2-40D7-BD89-1A4B2AF70DD7}.Release|Win32.Build.0 = Release|Win32
		{3C7DDD38-36F2-40D7-BD89-1A4B2AF70DD7}.VSDebug|Win32.ActiveCfg = VSDebug|Win32
		{3C7DDD38-36F2-40D7-BD89-1A4B2AF70DD7}.VSDebug|Win32.Build.0 = VSDebug|Win32
		{3FAA6115-B606-466E-A1FE-F7D4D89064E8}.Release|Win32.ActiveCfg = Release|Win32
		{3FAA6115-B606-466E-A1FE-F7D4D89064E8}.Release|Win32.Build.0 = Release|Win32
		{3FAA6115-B606-466E-A1FE-F7D4D89064E8}.VSDebug|Win32.ActiveCfg = VSDebug|Win32
		{3FAA6115-B606-466E-A1FE-F7D4D89064E8}.VSDebug|Win32.Build.0 = VSDebug|Win32
		{5E431527-E9A7-4F6D-9A92-38EE4487E8DB}.Release|Win32.ActiveCfg = Release|Win32
		{5E431527-E9A7-4F6D-9A92-38EE4487E8DB}.Release|Win32.Build.0 = Release|Win32
		{5E431527-E9A7-4F6D-9A92-38EE4487E8DB}.VSDebug|Win32.ActiveCfg = VSDebug|Win32
		{5E431527-E9A7-4F6D-9A92-38EE4487E8DB}.VSDebug|Win32.Build.0 = VSDebug|Win32
		{F56269D0-9964-4E25-B1D6-00F6DC3430FA}.Release|Win32.ActiveCfg = Release|Win32
		{F56269D0-9964-4E25-B1D6-00F6DC3430FA}.Release|Win32.Build.0 = Release|Win32
		{F56269D0-9964-4E25-B1D6-00F6DC3430FA}.VSDebug|Win32.ActiveCfg = VSDebug|Win32
		{F56269D0-9964-4E25-B1D6-00F6DC3430FA}.VSDebug|Win32.Build.0 = VSDebug|Win32
		{36C9D249-CAF9-43C5-B803-62C402B583FE}.Release|Win32.ActiveCfg = Release|Win32
		{36C9D249-CAF9-43C5-B803-62C402B583FE}.Release|Win32.Build.0 = Release|Win32
		{36C9D249-CAF9-43C5-B803-62C402B583FE}.VSDebug|Win32.ActiveCfg = VSDebug|Win32
		{36C9D249-CAF9-43C5-B803-62C402B583FE}.VSDebug|Win32.Build.0 = VSDebug|Win32
		{67A17C63-0751-484D-A9DA-2AE4BA104169}.Release|Win32.ActiveCfg = Release|Win32
		{67A17C63-0751-484D-A9DA-2AE4BA104169}.Release|Win32.Build.0 = Release|Win32
		{67A17C63-0751-484D-A9DA-2AE4BA104169}.VSDebug|Win32.ActiveCfg = VSDebug|Win32
		{67A17C63-0751-484D-A9DA-2AE4BA104169}.VSDebug|Win32.Build.0 = VSDebug|Win32
		{BB478F0D-E828-40ED-881A-21B7E42338A1}.Release|Win32.ActiveCfg = Release|Win32
		{BB478F0D-E828-40ED-881A-21B7E42338A1}.Release|Win32.Build.0 = Release|Win32
		{BB478F0D-E828-40ED-881A-21B7E42338A1}.VSDebug|Win32.ActiveCfg = VSDebug|Win32
		{BB478F0D-E828-40ED-881A-21B7E42338A1}.VSDebug|Win32.Build.0 = VSDebug|Win32
		{072D9570-035B-433C-B139-00B155DF9DE4}.Release|Win32.ActiveCfg = Release|Win32
		{072D9570-035B-433C-B139-00B155DF9DE4}.Release|Win32.Build.0 = Release|Win32
		{072D9570-035B-433C-B139-00B155DF9DE4}.VSDebug|Win32.ActiveCfg = VSDebug|Win32
		{072D9570-035B-433C-B139-00B155DF9DE4}.VSDebug|Win32.Build.0 = VSDebug|Win32
		{BFE462F5-E083-41CB-8F51-6BA86CB62240}.Release|Win32.ActiveCfg = Release|Win32
		{BFE462F5-E083-41CB-8F51-6BA86CB62240}.Release|Win32.Build.0 = Release|Win32
		{BFE462F5-E083-41CB-8F51-6BA86CB62240}.VSDebug|Win32.ActiveCfg = VSDebug|Win32
		{BFE462F5-E083-41CB-8F51-6BA86CB62240}.VSDebug|Win32.Build.0 = VSDebug|Win32
		{66CD4865-1D7D-4FBC-B32C-0226C57F9913}.Release|Win32.ActiveCfg = Release|Win32
		{66CD4865-1D7D-4FBC-B32C-0226C57F9913}.Release|Win32.Build.0 = Release|Win32
		{66CD4865-1D7D-4FBC-B32C-0226C57F9913}.VSDebug|Win32.ActiveCfg = VSDebug|Win32
		{66CD4865-1D7D-4FBC-B32C-0226C57F9913}.VSDebug|Win32.Build.0 = VSDebug|Win32
		{7705B596-14BD-48CB-8328-B7580810198B}.Release|Win32.ActiveCfg = Release|Win32
		{7705B596-14BD-48CB-8328-B7580810198B}.Release|Win32.Build.0 = Release|Win32
		{7705B596-14BD-48CB-8328-B7580810198B}.VSDebug|Win32.ActiveCfg = VSDebug|Win32
		{7705B596-14BD-48CB-8328-B7580810198B}.VSDebug|Win32.Build.0 = VSDebug|Win32
		{A62435FF-3966-48D2-B4FE-05B5A958E837}.Release|Win32.ActiveCfg = Release|Win32
		{A62435FF-3966-48D2-B4FE-05B5A958E837}.Release|Win32.Build.0 = Release|Win32
		{A62435FF-3966-48D2-B4FE-05B5A958E837}.VSDebug|Win32.ActiveCfg = VSDebug|Win32
		{A62435FF-3966-48D2-B4FE-05B5A958E837}.VSDebug|Win32.Build.0 = VSDebug|Win32
		{200BFC01-8CBF-4847-912C-9CDCBAA9069C}.Release|Win32.ActiveCfg = Release|Win32
		{200BFC01-8CBF-4847-912C-9CDCBAA9069C}.Release|Win32.Build.0 = Release|Win32
		{200BFC01-8CBF-4847-912C-9CDCBAA9069C}.VSDebug|Win32.ActiveCfg = VSDebug|Win32
		{200BFC01-8CBF-4847-912C-9CDCBAA9069C}.VSDebug|Win32.Build.0 = VSDebug|Win32
		{A787DD38-C82F-4056-8E70-32C9F94C87C2}.Release|Win32.ActiveCfg = Release|Win32
		{A787DD38-C82F-4056-8E70-32C9F94C87C2}.Release|Win32.Build.0 = Release|Win32
		{A787DD38-C82F-4056-8E70-32C9F94C87C2}.VSDebug|Win32.ActiveCfg = VSDebug|Win32
		{A787DD38-C82F-4056-8E70-32C9F94C87C2}.VSDebug|Win32.Build.0 = VSDebug|Win32
		{BF1508A8-1746-40F3-B8E9-FEC07571E881}.Release|Win32.ActiveCfg = Release|Win32
		{BF1508A8-1746-40F3-B8E9-FEC07571E881}.Release|Win32.Build.0 = Release|Win32
		{BF1508A8-1746-40F3-B8E9-FEC07571E881}.VSDebug|Win32.ActiveCfg = VSDebug|Win32
		{BF1508A8-1746-40F3-B8E9-FEC07571E881}.VSDebug|Win32.Build.0 = VSDebug|Win32
		{2648E298-2DF2-4993-8EF1-52AA38307FE3}.Release|Win32.ActiveCfg = Release|Win32
		{2648E298-2DF2-4993-8EF1-52AA38307FE3}.Release|Win32.Build.0 = Release|Win32
		{2648E298-2DF2-4993-8EF1-52AA38307FE3}.VSDebug|Win32.ActiveCfg = VSDebug|Win32
		{2648E298-2DF2-4993-8EF1-52AA38307FE3}.VSDebug|Win32.Build.0 = VSDebug|Win32
		{5AA646B3-9C6F-4803-8A07-C59CFEF4F2DA}.Release|Win32.ActiveCfg = Release|Win32
		{5AA646B3-9C6F-4803-8A07-C59CFEF4F2DA}.Release|Win32.Build.0 = Release|Win32
		{5AA646B3-9C6F-4803-8A07-C59CFEF4F2DA}.VSDebug|Win32.ActiveCfg = VSDebug|Win32
		{5AA646B3-9C6F-4803-8A07-C59CFEF4F2DA}.VSDebug|Win32.Build.0 = VSDebug|Win32
		{16EF18E3-BEAF-41FF-898B-B7DE31069E8B}.Release|Win32.ActiveCfg = Release|Win32
		{16EF18E3-BEAF-41FF-898B-B7DE31069E8B}.Release|Win32.Build.0 = Release|Win32
		{16EF18E3-BEAF-41FF-898B-B7DE31069E8B}.VSDebug|Win32.ActiveCfg = VSDebug|Win32
		{16EF18E3-BEAF-41FF-898B-B7DE31069E8B}.VSDebug|Win32.Build.0 = VSDebug|Win32
		{B75D832D-587D-4CD3-9C24-BBCFA3203BD0}.Release|Win32.ActiveCfg = Release|Win32
		{B75D832D-587D-4CD3-9C24-BBCFA3203BD0}.Release|Win32.Build.0 = Release|Win32
		{B75D832D-587D-4CD3-9C24-BBCFA3203BD0}.VSDebug|Win32.ActiveCfg = VSDebug|Win32
		{B75D832D-587D-4CD3-9C24-BBCFA3203BD0}.VSDebug|Win32.Build.0 = VSDebug|Win32
	EndGlobalSection
	GlobalSection(SolutionProperties) = preSolution
		HideSolutionNode = FALSE
	EndGlobalSection
EndGlobal
