
Microsoft Visual Studio Solution File, Format Version 10.00
# Visual C++ Express 2008
Project("{8BC9CEB8-8B4A-11D0-8D11-00A0C91BC942}") = "libclocale", "libclocale\libclocale.vcproj", "{297277F3-C136-42B7-8E44-0424BBCF54C3}"
	ProjectSection(ProjectDependencies) = postProject
		{8B972FC2-C4AB-4FD4-8358-F8E88EE39CEB} = {8B972FC2-C4AB-4FD4-8358-F8E88EE39CEB}
		{ECF03D54-7FD1-4003-8F15-AC6B9B56613D} = {ECF03D54-7FD1-4003-8F15-AC6B9B56613D}
	EndProjectSection
EndProject
Project("{8BC9CEB8-8B4A-11D0-8D11-00A0C91BC942}") = "libcfile", "libcfile\libcfile.vcproj", "{029F0490-A0E2-429D-8715-20D6FB67F402}"
	ProjectSection(ProjectDependencies) = postProject
		{8B972FC2-C4AB-4FD4-8358-F8E88EE39CEB} = {8B972FC2-C4AB-4FD4-8358-F8E88EE39CEB}
		{ECF03D54-7FD1-4003-8F15-AC6B9B56613D} = {ECF03D54-7FD1-4003-8F15-AC6B9B56613D}
		{297277F3-C136-42B7-8E44-0424BBCF54C3} = {297277F3-C136-42B7-8E44-0424BBCF54C3}
		{307043E4-4297-4C4B-A465-9A98FFD41BEA} = {307043E4-4297-4C4B-A465-9A98FFD41BEA}
		{9D2C1DA3-44AD-4E95-BA61-15185FDE8763} = {9D2C1DA3-44AD-4E95-BA61-15185FDE8763}
	EndProjectSection
EndProject
Project("{8BC9CEB8-8B4A-11D0-8D11-00A0C91BC942}") = "libfwnt", "libfwnt\libfwnt.vcproj", "{74DAA553-404B-47B4-B464-3B06C74F75F1}"
	ProjectSection(ProjectDependencies) = postProject
		{8B972FC2-C4AB-4FD4-8358-F8E88EE39CEB} = {8B972FC2-C4AB-4FD4-8358-F8E88EE39CEB}
		{ECF03D54-7FD1-4003-8F15-AC6B9B56613D} = {ECF03D54-7FD1-4003-8F15-AC6B9B56613D}
		{7E40E20E-5A84-4A15-9D7E-565894F34396} = {7E40E20E-5A84-4A15-9D7E-565894F34396}
		{BE63261F-D350-4AE8-93DB-DEFB7AFB59F7} = {BE63261F-D350-4AE8-93DB-DEFB7AFB59F7}
		{307043E4-4297-4C4B-A465-9A98FFD41BEA} = {307043E4-4297-4C4B-A465-9A98FFD41BEA}
	EndProjectSection
EndProject
Project("{8BC9CEB8-8B4A-11D0-8D11-00A0C91BC942}") = "libcthreads", "libcthreads\libcthreads.vcproj", "{7E40E20E-5A84-4A15-9D7E-565894F34396}"
	ProjectSection(ProjectDependencies) = postProject
		{8B972FC2-C4AB-4FD4-8358-F8E88EE39CEB} = {8B972FC2-C4AB-4FD4-8358-F8E88EE39CEB}
		{ECF03D54-7FD1-4003-8F15-AC6B9B56613D} = {ECF03D54-7FD1-4003-8F15-AC6B9B56613D}
	EndProjectSection
EndProject
Project("{8BC9CEB8-8B4A-11D0-8D11-00A0C91BC942}") = "libhmac", "libhmac\libhmac.vcproj", "{78B670FD-E77C-450B-8726-0FE9CF0CF07F}"
	ProjectSection(ProjectDependencies) = postProject
		{8B972FC2-C4AB-4FD4-8358-F8E88EE39CEB} = {8B972FC2-C4AB-4FD4-8358-F8E88EE39CEB}
		{ECF03D54-7FD1-4003-8F15-AC6B9B56613D} = {ECF03D54-7FD1-4003-8F15-AC6B9B56613D}
	EndProjectSection
EndProject
Project("{8BC9CEB8-8B4A-11D0-8D11-00A0C91BC942}") = "libcstring", "libcstring\libcstring.vcproj", "{8B972FC2-C4AB-4FD4-8358-F8E88EE39CEB}"
EndProject
Project("{8BC9CEB8-8B4A-11D0-8D11-00A0C91BC942}") = "libuna", "libuna\libuna.vcproj", "{9D2C1DA3-44AD-4E95-BA61-15185FDE8763}"
	ProjectSection(ProjectDependencies) = postProject
		{8B972FC2-C4AB-4FD4-8358-F8E88EE39CEB} = {8B972FC2-C4AB-4FD4-8358-F8E88EE39CEB}
		{ECF03D54-7FD1-4003-8F15-AC6B9B56613D} = {ECF03D54-7FD1-4003-8F15-AC6B9B56613D}
	EndProjectSection
EndProject
Project("{8BC9CEB8-8B4A-11D0-8D11-00A0C91BC942}") = "libcerror", "libcerror\libcerror.vcproj", "{ECF03D54-7FD1-4003-8F15-AC6B9B56613D}"
	ProjectSection(ProjectDependencies) = postProject
		{8B972FC2-C4AB-4FD4-8358-F8E88EE39CEB} = {8B972FC2-C4AB-4FD4-8358-F8E88EE39CEB}
	EndProjectSection
EndProject
Project("{8BC9CEB8-8B4A-11D0-8D11-00A0C91BC942}") = "libcnotify", "libcnotify\libcnotify.vcproj", "{307043E4-4297-4C4B-A465-9A98FFD41BEA}"
	ProjectSection(ProjectDependencies) = postProject
		{8B972FC2-C4AB-4FD4-8358-F8E88EE39CEB} = {8B972FC2-C4AB-4FD4-8358-F8E88EE39CEB}
		{ECF03D54-7FD1-4003-8F15-AC6B9B56613D} = {ECF03D54-7FD1-4003-8F15-AC6B9B56613D}
	EndProjectSection
EndProject
Project("{8BC9CEB8-8B4A-11D0-8D11-00A0C91BC942}") = "libcsystem", "libcsystem\libcsystem.vcproj", "{F8F4F415-04E9-4B62-9E98-AA3BC359E7F1}"
	ProjectSection(ProjectDependencies) = postProject
		{8B972FC2-C4AB-4FD4-8358-F8E88EE39CEB} = {8B972FC2-C4AB-4FD4-8358-F8E88EE39CEB}
		{ECF03D54-7FD1-4003-8F15-AC6B9B56613D} = {ECF03D54-7FD1-4003-8F15-AC6B9B56613D}
		{297277F3-C136-42B7-8E44-0424BBCF54C3} = {297277F3-C136-42B7-8E44-0424BBCF54C3}
		{307043E4-4297-4C4B-A465-9A98FFD41BEA} = {307043E4-4297-4C4B-A465-9A98FFD41BEA}
		{9D2C1DA3-44AD-4E95-BA61-15185FDE8763} = {9D2C1DA3-44AD-4E95-BA61-15185FDE8763}
	EndProjectSection
EndProject
Project("{8BC9CEB8-8B4A-11D0-8D11-00A0C91BC942}") = "libcdata", "libcdata\libcdata.vcproj", "{BE63261F-D350-4AE8-93DB-DEFB7AFB59F7}"
	ProjectSection(ProjectDependencies) = postProject
		{8B972FC2-C4AB-4FD4-8358-F8E88EE39CEB} = {8B972FC2-C4AB-4FD4-8358-F8E88EE39CEB}
		{ECF03D54-7FD1-4003-8F15-AC6B9B56613D} = {ECF03D54-7FD1-4003-8F15-AC6B9B56613D}
		{7E40E20E-5A84-4A15-9D7E-565894F34396} = {7E40E20E-5A84-4A15-9D7E-565894F34396}
	EndProjectSection
EndProject
Global
	GlobalSection(SolutionConfigurationPlatforms) = preSolution
		Release|Win32 = Release|Win32
		VSDebug|Win32 = VSDebug|Win32
	EndGlobalSection
	GlobalSection(ProjectConfigurationPlatforms) = postSolution
		{297277F3-C136-42B7-8E44-0424BBCF54C3}.Release|Win32.ActiveCfg = Release|Win32
		{297277F3-C136-42B7-8E44-0424BBCF54C3}.Release|Win32.Build.0 = Release|Win32
		{297277F3-C136-42B7-8E44-0424BBCF54C3}.VSDebug|Win32.ActiveCfg = VSDebug|Win32
		{297277F3-C136-42B7-8E44-0424BBCF54C3}.VSDebug|Win32.Build.0 = VSDebug|Win32
		{029F0490-A0E2-429D-8715-20D6FB67F402}.Release|Win32.ActiveCfg = Release|Win32
		{029F0490-A0E2-429D-8715-20D6FB67F402}.Release|Win32.Build.0 = Release|Win32
		{029F0490-A0E2-429D-8715-20D6FB67F402}.VSDebug|Win32.ActiveCfg = VSDebug|Win32
		{029F0490-A0E2-429D-8715-20D6FB67F402}.VSDebug|Win32.Build.0 = VSDebug|Win32
		{74DAA553-404B-47B4-B464-3B06C74F75F1}.Release|Win32.ActiveCfg = Release|Win32
		{74DAA553-404B-47B4-B464-3B06C74F75F1}.Release|Win32.Build.0 = Release|Win32
		{74DAA553-404B-47B4-B464-3B06C74F75F1}.VSDebug|Win32.ActiveCfg = VSDebug|Win32
		{74DAA553-404B-47B4-B464-3B06C74F75F1}.VSDebug|Win32.Build.0 = VSDebug|Win32
		{7E40E20E-5A84-4A15-9D7E-565894F34396}.Release|Win32.ActiveCfg = Release|Win32
		{7E40E20E-5A84-4A15-9D7E-565894F34396}.Release|Win32.Build.0 = Release|Win32
		{7E40E20E-5A84-4A15-9D7E-565894F34396}.VSDebug|Win32.ActiveCfg = VSDebug|Win32
		{7E40E20E-5A84-4A15-9D7E-565894F34396}.VSDebug|Win32.Build.0 = VSDebug|Win32
		{78B670FD-E77C-450B-8726-0FE9CF0CF07F}.Release|Win32.ActiveCfg = Release|Win32
		{78B670FD-E77C-450B-8726-0FE9CF0CF07F}.Release|Win32.Build.0 = Release|Win32
		{78B670FD-E77C-450B-8726-0FE9CF0CF07F}.VSDebug|Win32.ActiveCfg = VSDebug|Win32
		{78B670FD-E77C-450B-8726-0FE9CF0CF07F}.VSDebug|Win32.Build.0 = VSDebug|Win32
		{8B972FC2-C4AB-4FD4-8358-F8E88EE39CEB}.Release|Win32.ActiveCfg = Release|Win32
		{8B972FC2-C4AB-4FD4-8358-F8E88EE39CEB}.Release|Win32.Build.0 = Release|Win32
		{8B972FC2-C4AB-4FD4-8358-F8E88EE39CEB}.VSDebug|Win32.ActiveCfg = VSDebug|Win32
		{8B972FC2-C4AB-4FD4-8358-F8E88EE39CEB}.VSDebug|Win32.Build.0 = VSDebug|Win32
		{9D2C1DA3-44AD-4E95-BA61-15185FDE8763}.Release|Win32.ActiveCfg = Release|Win32
		{9D2C1DA3-44AD-4E95-BA61-15185FDE8763}.Release|Win32.Build.0 = Release|Win32
		{9D2C1DA3-44AD-4E95-BA61-15185FDE8763}.VSDebug|Win32.ActiveCfg = VSDebug|Win32
		{9D2C1DA3-44AD-4E95-BA61-15185FDE8763}.VSDebug|Win32.Build.0 = VSDebug|Win32
		{ECF03D54-7FD1-4003-8F15-AC6B9B56613D}.Release|Win32.ActiveCfg = Release|Win32
		{ECF03D54-7FD1-4003-8F15-AC6B9B56613D}.Release|Win32.Build.0 = Release|Win32
		{ECF03D54-7FD1-4003-8F15-AC6B9B56613D}.VSDebug|Win32.ActiveCfg = VSDebug|Win32
		{ECF03D54-7FD1-4003-8F15-AC6B9B56613D}.VSDebug|Win32.Build.0 = VSDebug|Win32
		{307043E4-4297-4C4B-A465-9A98FFD41BEA}.Release|Win32.ActiveCfg = Release|Win32
		{307043E4-4297-4C4B-A465-9A98FFD41BEA}.Release|Win32.Build.0 = Release|Win32
		{307043E4-4297-4C4B-A465-9A98FFD41BEA}.VSDebug|Win32.ActiveCfg = VSDebug|Win32
		{307043E4-4297-4C4B-A465-9A98FFD41BEA}.VSDebug|Win32.Build.0 = VSDebug|Win32
		{F8F4F415-04E9-4B62-9E98-AA3BC359E7F1}.Release|Win32.ActiveCfg = Release|Win32
		{F8F4F415-04E9-4B62-9E98-AA3BC359E7F1}.Release|Win32.Build.0 = Release|Win32
		{F8F4F415-04E9-4B62-9E98-AA3BC359E7F1}.VSDebug|Win32.ActiveCfg = VSDebug|Win32
		{F8F4F415-04E9-4B62-9E98-AA3BC359E7F1}.VSDebug|Win32.Build.0 = VSDebug|Win32
		{BE63261F-D350-4AE8-93DB-DEFB7AFB59F7}.Release|Win32.ActiveCfg = Release|Win32
		{BE63261F-D350-4AE8-93DB-DEFB7AFB59F7}.Release|Win32.Build.0 = Release|Win32
		{BE63261F-D350-4AE8-93DB-DEFB7AFB59F7}.VSDebug|Win32.ActiveCfg = VSDebug|Win32
		{BE63261F-D350-4AE8-93DB-DEFB7AFB59F7}.VSDebug|Win32.Build.0 = VSDebug|Win32
	EndGlobalSection
	GlobalSection(SolutionProperties) = preSolution
		HideSolutionNode = FALSE
	EndGlobalSection
EndGlobal
