
Microsoft Visual Studio Solution File, Format Version 10.00
# Visual C++ Express 2008
Project("{8BC9CEB8-8B4A-11D0-8D11-00A0C91BC942}") = "adcdecompress", "adcdecompress\adcdecompress.vcproj", "{E1C9A062-BD41-4FAF-8EF2-E8641BED2C7C}"
	ProjectSection(ProjectDependencies) = postProject
		{9234BCE9-8607-4C05-ABB0-928D47722C9A} = {9234BCE9-8607-4C05-ABB0-928D47722C9A}
		{31AC33A5-99A6-483A-910F-9D00AD733161} = {31AC33A5-99A6-483A-910F-9D00AD733161}
		{8DBAA5BC-2FAC-4E83-8645-99FD720931C0} = {8DBAA5BC-2FAC-4E83-8645-99FD720931C0}
		{E0328052-6B50-4629-830A-A706CC73F19A} = {E0328052-6B50-4629-830A-A706CC73F19A}
		{A777F962-7F5D-41F3-86AD-F75D7CEA0D9F} = {A777F962-7F5D-41F3-86AD-F75D7CEA0D9F}
	EndProjectSection
EndProject
Project("{8BC9CEB8-8B4A-11D0-8D11-00A0C91BC942}") = "adler32sum", "adler32sum\adler32sum.vcproj", "{4F1441E0-C9DE-48D2-B25C-F1874A00AC83}"
	ProjectSection(ProjectDependencies) = postProject
		{9234BCE9-8607-4C05-ABB0-928D47722C9A} = {9234BCE9-8607-4C05-ABB0-928D47722C9A}
		{31AC33A5-99A6-483A-910F-9D00AD733161} = {31AC33A5-99A6-483A-910F-9D00AD733161}
		{8DBAA5BC-2FAC-4E83-8645-99FD720931C0} = {8DBAA5BC-2FAC-4E83-8645-99FD720931C0}
		{E0328052-6B50-4629-830A-A706CC73F19A} = {E0328052-6B50-4629-830A-A706CC73F19A}
		{A777F962-7F5D-41F3-86AD-F75D7CEA0D9F} = {A777F962-7F5D-41F3-86AD-F75D7CEA0D9F}
		{79C2EEED-799D-4F3D-A239-F92645758BED} = {79C2EEED-799D-4F3D-A239-F92645758BED}
	EndProjectSection
EndProject
Project("{8BC9CEB8-8B4A-11D0-8D11-00A0C91BC942}") = "ascii7decompress", "ascii7decompress\ascii7decompress.vcproj", "{0243351F-1A9B-44ED-A44B-97927398CF3E}"
	ProjectSection(ProjectDependencies) = postProject
		{9234BCE9-8607-4C05-ABB0-928D47722C9A} = {9234BCE9-8607-4C05-ABB0-928D47722C9A}
		{31AC33A5-99A6-483A-910F-9D00AD733161} = {31AC33A5-99A6-483A-910F-9D00AD733161}
		{8DBAA5BC-2FAC-4E83-8645-99FD720931C0} = {8DBAA5BC-2FAC-4E83-8645-99FD720931C0}
		{E0328052-6B50-4629-830A-A706CC73F19A} = {E0328052-6B50-4629-830A-A706CC73F19A}
		{A777F962-7F5D-41F3-86AD-F75D7CEA0D9F} = {A777F962-7F5D-41F3-86AD-F75D7CEA0D9F}
	EndProjectSection
EndProject
Project("{8BC9CEB8-8B4A-11D0-8D11-00A0C91BC942}") = "banalyze", "banalyze\banalyze.vcproj", "{1D65B2F8-5991-4B3B-8559-17A7058817B2}"
	ProjectSection(ProjectDependencies) = postProject
		{A80BFB13-FE00-44F8-A06B-6CAE60397F32} = {A80BFB13-FE00-44F8-A06B-6CAE60397F32}
		{9234BCE9-8607-4C05-ABB0-928D47722C9A} = {9234BCE9-8607-4C05-ABB0-928D47722C9A}
		{31AC33A5-99A6-483A-910F-9D00AD733161} = {31AC33A5-99A6-483A-910F-9D00AD733161}
		{8DBAA5BC-2FAC-4E83-8645-99FD720931C0} = {8DBAA5BC-2FAC-4E83-8645-99FD720931C0}
		{E0328052-6B50-4629-830A-A706CC73F19A} = {E0328052-6B50-4629-830A-A706CC73F19A}
		{A777F962-7F5D-41F3-86AD-F75D7CEA0D9F} = {A777F962-7F5D-41F3-86AD-F75D7CEA0D9F}
	EndProjectSection
EndProject
Project("{8BC9CEB8-8B4A-11D0-8D11-00A0C91BC942}") = "bz2decompress", "bz2decompress\bz2decompress.vcproj", "{E27B1EBB-9BDE-4184-9397-2FEA19DCB8FB}"
	ProjectSection(ProjectDependencies) = postProject
		{9234BCE9-8607-4C05-ABB0-928D47722C9A} = {9234BCE9-8607-4C05-ABB0-928D47722C9A}
		{31AC33A5-99A6-483A-910F-9D00AD733161} = {31AC33A5-99A6-483A-910F-9D00AD733161}
		{8DBAA5BC-2FAC-4E83-8645-99FD720931C0} = {8DBAA5BC-2FAC-4E83-8645-99FD720931C0}
		{E0328052-6B50-4629-830A-A706CC73F19A} = {E0328052-6B50-4629-830A-A706CC73F19A}
		{A777F962-7F5D-41F3-86AD-F75D7CEA0D9F} = {A777F962-7F5D-41F3-86AD-F75D7CEA0D9F}
		{5AB74AA2-7195-4503-B277-3AF5AD19309A} = {5AB74AA2-7195-4503-B277-3AF5AD19309A}
	EndProjectSection
EndProject
Project("{8BC9CEB8-8B4A-11D0-8D11-00A0C91BC942}") = "crc32sum", "crc32sum\crc32sum.vcproj", "{EFFED86F-5256-4112-AF85-7997042DC8B3}"
	ProjectSection(ProjectDependencies) = postProject
		{9234BCE9-8607-4C05-ABB0-928D47722C9A} = {9234BCE9-8607-4C05-ABB0-928D47722C9A}
		{31AC33A5-99A6-483A-910F-9D00AD733161} = {31AC33A5-99A6-483A-910F-9D00AD733161}
		{8DBAA5BC-2FAC-4E83-8645-99FD720931C0} = {8DBAA5BC-2FAC-4E83-8645-99FD720931C0}
		{E0328052-6B50-4629-830A-A706CC73F19A} = {E0328052-6B50-4629-830A-A706CC73F19A}
		{A777F962-7F5D-41F3-86AD-F75D7CEA0D9F} = {A777F962-7F5D-41F3-86AD-F75D7CEA0D9F}
	EndProjectSection
EndProject
Project("{8BC9CEB8-8B4A-11D0-8D11-00A0C91BC942}") = "crc64sum", "crc64sum\crc64sum.vcproj", "{391CAA5D-9583-4938-8C08-CDDE663CB316}"
	ProjectSection(ProjectDependencies) = postProject
		{9234BCE9-8607-4C05-ABB0-928D47722C9A} = {9234BCE9-8607-4C05-ABB0-928D47722C9A}
		{31AC33A5-99A6-483A-910F-9D00AD733161} = {31AC33A5-99A6-483A-910F-9D00AD733161}
		{8DBAA5BC-2FAC-4E83-8645-99FD720931C0} = {8DBAA5BC-2FAC-4E83-8645-99FD720931C0}
		{E0328052-6B50-4629-830A-A706CC73F19A} = {E0328052-6B50-4629-830A-A706CC73F19A}
		{A777F962-7F5D-41F3-86AD-F75D7CEA0D9F} = {A777F962-7F5D-41F3-86AD-F75D7CEA0D9F}
	EndProjectSection
EndProject
Project("{8BC9CEB8-8B4A-11D0-8D11-00A0C91BC942}") = "fletcher32sum", "fletcher32sum\fletcher32sum.vcproj", "{B304A64F-05CA-4092-9BFA-34DA3695AC44}"
	ProjectSection(ProjectDependencies) = postProject
		{9234BCE9-8607-4C05-ABB0-928D47722C9A} = {9234BCE9-8607-4C05-ABB0-928D47722C9A}
		{31AC33A5-99A6-483A-910F-9D00AD733161} = {31AC33A5-99A6-483A-910F-9D00AD733161}
		{8DBAA5BC-2FAC-4E83-8645-99FD720931C0} = {8DBAA5BC-2FAC-4E83-8645-99FD720931C0}
		{E0328052-6B50-4629-830A-A706CC73F19A} = {E0328052-6B50-4629-830A-A706CC73F19A}
		{A777F962-7F5D-41F3-86AD-F75D7CEA0D9F} = {A777F962-7F5D-41F3-86AD-F75D7CEA0D9F}
	EndProjectSection
EndProject
Project("{8BC9CEB8-8B4A-11D0-8D11-00A0C91BC942}") = "fletcher64sum", "fletcher64sum\fletcher64sum.vcproj", "{DA295378-2DE4-48ED-8501-04A408C1D97D}"
	ProjectSection(ProjectDependencies) = postProject
		{9234BCE9-8607-4C05-ABB0-928D47722C9A} = {9234BCE9-8607-4C05-ABB0-928D47722C9A}
		{31AC33A5-99A6-483A-910F-9D00AD733161} = {31AC33A5-99A6-483A-910F-9D00AD733161}
		{8DBAA5BC-2FAC-4E83-8645-99FD720931C0} = {8DBAA5BC-2FAC-4E83-8645-99FD720931C0}
		{E0328052-6B50-4629-830A-A706CC73F19A} = {E0328052-6B50-4629-830A-A706CC73F19A}
		{A777F962-7F5D-41F3-86AD-F75D7CEA0D9F} = {A777F962-7F5D-41F3-86AD-F75D7CEA0D9F}
	EndProjectSection
EndProject
Project("{8BC9CEB8-8B4A-11D0-8D11-00A0C91BC942}") = "lzfsedecompress", "lzfsedecompress\lzfsedecompress.vcproj", "{0FE794DA-2AF8-423D-90B6-B9A081A3D4AC}"
	ProjectSection(ProjectDependencies) = postProject
		{9234BCE9-8607-4C05-ABB0-928D47722C9A} = {9234BCE9-8607-4C05-ABB0-928D47722C9A}
		{31AC33A5-99A6-483A-910F-9D00AD733161} = {31AC33A5-99A6-483A-910F-9D00AD733161}
		{8DBAA5BC-2FAC-4E83-8645-99FD720931C0} = {8DBAA5BC-2FAC-4E83-8645-99FD720931C0}
		{E0328052-6B50-4629-830A-A706CC73F19A} = {E0328052-6B50-4629-830A-A706CC73F19A}
		{A777F962-7F5D-41F3-86AD-F75D7CEA0D9F} = {A777F962-7F5D-41F3-86AD-F75D7CEA0D9F}
	EndProjectSection
EndProject
Project("{8BC9CEB8-8B4A-11D0-8D11-00A0C91BC942}") = "lzfudecompress", "lzfudecompress\lzfudecompress.vcproj", "{AB2E58DD-D262-43E7-A1C6-DCF21A1571E8}"
	ProjectSection(ProjectDependencies) = postProject
		{9234BCE9-8607-4C05-ABB0-928D47722C9A} = {9234BCE9-8607-4C05-ABB0-928D47722C9A}
		{31AC33A5-99A6-483A-910F-9D00AD733161} = {31AC33A5-99A6-483A-910F-9D00AD733161}
		{8DBAA5BC-2FAC-4E83-8645-99FD720931C0} = {8DBAA5BC-2FAC-4E83-8645-99FD720931C0}
		{E0328052-6B50-4629-830A-A706CC73F19A} = {E0328052-6B50-4629-830A-A706CC73F19A}
		{A777F962-7F5D-41F3-86AD-F75D7CEA0D9F} = {A777F962-7F5D-41F3-86AD-F75D7CEA0D9F}
	EndProjectSection
EndProject
Project("{8BC9CEB8-8B4A-11D0-8D11-00A0C91BC942}") = "lzmadecompress", "lzmadecompress\lzmadecompress.vcproj", "{E7875580-AA4B-4E0D-907F-821741D4D6AE}"
	ProjectSection(ProjectDependencies) = postProject
		{9234BCE9-8607-4C05-ABB0-928D47722C9A} = {9234BCE9-8607-4C05-ABB0-928D47722C9A}
		{31AC33A5-99A6-483A-910F-9D00AD733161} = {31AC33A5-99A6-483A-910F-9D00AD733161}
		{8DBAA5BC-2FAC-4E83-8645-99FD720931C0} = {8DBAA5BC-2FAC-4E83-8645-99FD720931C0}
		{E0328052-6B50-4629-830A-A706CC73F19A} = {E0328052-6B50-4629-830A-A706CC73F19A}
		{A777F962-7F5D-41F3-86AD-F75D7CEA0D9F} = {A777F962-7F5D-41F3-86AD-F75D7CEA0D9F}
		{} = {}
	EndProjectSection
EndProject
Project("{8BC9CEB8-8B4A-11D0-8D11-00A0C91BC942}") = "lznt1decompress", "lznt1decompress\lznt1decompress.vcproj", "{DD516029-C0F2-40B9-849C-E805B2BF6188}"
	ProjectSection(ProjectDependencies) = postProject
		{A1744732-0651-4B3D-9B63-19CCFA18FB25} = {A1744732-0651-4B3D-9B63-19CCFA18FB25}
		{9234BCE9-8607-4C05-ABB0-928D47722C9A} = {9234BCE9-8607-4C05-ABB0-928D47722C9A}
		{31AC33A5-99A6-483A-910F-9D00AD733161} = {31AC33A5-99A6-483A-910F-9D00AD733161}
		{8DBAA5BC-2FAC-4E83-8645-99FD720931C0} = {8DBAA5BC-2FAC-4E83-8645-99FD720931C0}
		{E0328052-6B50-4629-830A-A706CC73F19A} = {E0328052-6B50-4629-830A-A706CC73F19A}
		{A777F962-7F5D-41F3-86AD-F75D7CEA0D9F} = {A777F962-7F5D-41F3-86AD-F75D7CEA0D9F}
	EndProjectSection
EndProject
Project("{8BC9CEB8-8B4A-11D0-8D11-00A0C91BC942}") = "lzvndecompress", "lzvndecompress\lzvndecompress.vcproj", "{999BA0E3-A959-49AF-8074-C122DA6BEBE7}"
	ProjectSection(ProjectDependencies) = postProject
		{9234BCE9-8607-4C05-ABB0-928D47722C9A} = {9234BCE9-8607-4C05-ABB0-928D47722C9A}
		{31AC33A5-99A6-483A-910F-9D00AD733161} = {31AC33A5-99A6-483A-910F-9D00AD733161}
		{8DBAA5BC-2FAC-4E83-8645-99FD720931C0} = {8DBAA5BC-2FAC-4E83-8645-99FD720931C0}
		{E0328052-6B50-4629-830A-A706CC73F19A} = {E0328052-6B50-4629-830A-A706CC73F19A}
		{A777F962-7F5D-41F3-86AD-F75D7CEA0D9F} = {A777F962-7F5D-41F3-86AD-F75D7CEA0D9F}
	EndProjectSection
EndProject
Project("{8BC9CEB8-8B4A-11D0-8D11-00A0C91BC942}") = "lzxdecompress", "lzxdecompress\lzxdecompress.vcproj", "{490349AD-4020-4425-B3F3-D8921FAE5768}"
	ProjectSection(ProjectDependencies) = postProject
		{A1744732-0651-4B3D-9B63-19CCFA18FB25} = {A1744732-0651-4B3D-9B63-19CCFA18FB25}
		{9234BCE9-8607-4C05-ABB0-928D47722C9A} = {9234BCE9-8607-4C05-ABB0-928D47722C9A}
		{31AC33A5-99A6-483A-910F-9D00AD733161} = {31AC33A5-99A6-483A-910F-9D00AD733161}
		{8DBAA5BC-2FAC-4E83-8645-99FD720931C0} = {8DBAA5BC-2FAC-4E83-8645-99FD720931C0}
		{E0328052-6B50-4629-830A-A706CC73F19A} = {E0328052-6B50-4629-830A-A706CC73F19A}
		{A777F962-7F5D-41F3-86AD-F75D7CEA0D9F} = {A777F962-7F5D-41F3-86AD-F75D7CEA0D9F}
	EndProjectSection
EndProject
Project("{8BC9CEB8-8B4A-11D0-8D11-00A0C91BC942}") = "lzxpressdecompress", "lzxpressdecompress\lzxpressdecompress.vcproj", "{B4E742AE-4A72-41F4-A484-31CD6B4DD38B}"
	ProjectSection(ProjectDependencies) = postProject
		{A1744732-0651-4B3D-9B63-19CCFA18FB25} = {A1744732-0651-4B3D-9B63-19CCFA18FB25}
		{9234BCE9-8607-4C05-ABB0-928D47722C9A} = {9234BCE9-8607-4C05-ABB0-928D47722C9A}
		{31AC33A5-99A6-483A-910F-9D00AD733161} = {31AC33A5-99A6-483A-910F-9D00AD733161}
		{8DBAA5BC-2FAC-4E83-8645-99FD720931C0} = {8DBAA5BC-2FAC-4E83-8645-99FD720931C0}
		{E0328052-6B50-4629-830A-A706CC73F19A} = {E0328052-6B50-4629-830A-A706CC73F19A}
		{A777F962-7F5D-41F3-86AD-F75D7CEA0D9F} = {A777F962-7F5D-41F3-86AD-F75D7CEA0D9F}
	EndProjectSection
EndProject
Project("{8BC9CEB8-8B4A-11D0-8D11-00A0C91BC942}") = "mssearchdecode", "mssearchdecode\mssearchdecode.vcproj", "{EF1CDD3B-DCF4-418D-8046-3460FC0C595E}"
	ProjectSection(ProjectDependencies) = postProject
		{9234BCE9-8607-4C05-ABB0-928D47722C9A} = {9234BCE9-8607-4C05-ABB0-928D47722C9A}
		{31AC33A5-99A6-483A-910F-9D00AD733161} = {31AC33A5-99A6-483A-910F-9D00AD733161}
		{8DBAA5BC-2FAC-4E83-8645-99FD720931C0} = {8DBAA5BC-2FAC-4E83-8645-99FD720931C0}
		{E0328052-6B50-4629-830A-A706CC73F19A} = {E0328052-6B50-4629-830A-A706CC73F19A}
		{A777F962-7F5D-41F3-86AD-F75D7CEA0D9F} = {A777F962-7F5D-41F3-86AD-F75D7CEA0D9F}
	EndProjectSection
EndProject
Project("{8BC9CEB8-8B4A-11D0-8D11-00A0C91BC942}") = "plistinfo", "plistinfo\plistinfo.vcproj", "{7498D6BE-2A54-4D30-BD7C-5579428A9DA5}"
	ProjectSection(ProjectDependencies) = postProject
		{9F3FABD0-7329-475D-A97C-79E5087094D5} = {9F3FABD0-7329-475D-A97C-79E5087094D5}
		{B472FCAD-6501-41C4-8769-600AE96546FE} = {B472FCAD-6501-41C4-8769-600AE96546FE}
		{A3F5F525-2A38-4350-824D-6115936702D9} = {A3F5F525-2A38-4350-824D-6115936702D9}
		{9234BCE9-8607-4C05-ABB0-928D47722C9A} = {9234BCE9-8607-4C05-ABB0-928D47722C9A}
		{31AC33A5-99A6-483A-910F-9D00AD733161} = {31AC33A5-99A6-483A-910F-9D00AD733161}
		{8DBAA5BC-2FAC-4E83-8645-99FD720931C0} = {8DBAA5BC-2FAC-4E83-8645-99FD720931C0}
		{E0328052-6B50-4629-830A-A706CC73F19A} = {E0328052-6B50-4629-830A-A706CC73F19A}
		{C4B06F89-D3D3-4A99-A26F-70BCCA57E38F} = {C4B06F89-D3D3-4A99-A26F-70BCCA57E38F}
		{A777F962-7F5D-41F3-86AD-F75D7CEA0D9F} = {A777F962-7F5D-41F3-86AD-F75D7CEA0D9F}
	EndProjectSection
EndProject
Project("{8BC9CEB8-8B4A-11D0-8D11-00A0C91BC942}") = "rc4crypt", "rc4crypt\rc4crypt.vcproj", "{B1934FD2-FB1D-412F-ADFE-00D5E7B9B8CF}"
	ProjectSection(ProjectDependencies) = postProject
		{C35E1C1C-85CE-4D23-A205-8B99DF1A9782} = {C35E1C1C-85CE-4D23-A205-8B99DF1A9782}
		{9234BCE9-8607-4C05-ABB0-928D47722C9A} = {9234BCE9-8607-4C05-ABB0-928D47722C9A}
		{31AC33A5-99A6-483A-910F-9D00AD733161} = {31AC33A5-99A6-483A-910F-9D00AD733161}
		{8DBAA5BC-2FAC-4E83-8645-99FD720931C0} = {8DBAA5BC-2FAC-4E83-8645-99FD720931C0}
		{E0328052-6B50-4629-830A-A706CC73F19A} = {E0328052-6B50-4629-830A-A706CC73F19A}
		{A777F962-7F5D-41F3-86AD-F75D7CEA0D9F} = {A777F962-7F5D-41F3-86AD-F75D7CEA0D9F}
	EndProjectSection
EndProject
Project("{8BC9CEB8-8B4A-11D0-8D11-00A0C91BC942}") = "serpentcrypt", "serpentcrypt\serpentcrypt.vcproj", "{0B8C93C9-C152-4A6B-9A2B-5A2926622F65}"
	ProjectSection(ProjectDependencies) = postProject
		{C35E1C1C-85CE-4D23-A205-8B99DF1A9782} = {C35E1C1C-85CE-4D23-A205-8B99DF1A9782}
		{9234BCE9-8607-4C05-ABB0-928D47722C9A} = {9234BCE9-8607-4C05-ABB0-928D47722C9A}
		{31AC33A5-99A6-483A-910F-9D00AD733161} = {31AC33A5-99A6-483A-910F-9D00AD733161}
		{8DBAA5BC-2FAC-4E83-8645-99FD720931C0} = {8DBAA5BC-2FAC-4E83-8645-99FD720931C0}
		{E0328052-6B50-4629-830A-A706CC73F19A} = {E0328052-6B50-4629-830A-A706CC73F19A}
		{A777F962-7F5D-41F3-86AD-F75D7CEA0D9F} = {A777F962-7F5D-41F3-86AD-F75D7CEA0D9F}
	EndProjectSection
EndProject
Project("{8BC9CEB8-8B4A-11D0-8D11-00A0C91BC942}") = "wevtinfo", "wevtinfo\wevtinfo.vcproj", "{04C049D7-27BF-4296-83C1-2020A83DA4C4}"
	ProjectSection(ProjectDependencies) = postProject
		{467350B3-835B-4DA3-AC3C-A26CCDE4164D} = {467350B3-835B-4DA3-AC3C-A26CCDE4164D}
		{B472FCAD-6501-41C4-8769-600AE96546FE} = {B472FCAD-6501-41C4-8769-600AE96546FE}
		{A1744732-0651-4B3D-9B63-19CCFA18FB25} = {A1744732-0651-4B3D-9B63-19CCFA18FB25}
		{A3F5F525-2A38-4350-824D-6115936702D9} = {A3F5F525-2A38-4350-824D-6115936702D9}
		{4512CADD-58E1-4333-8F60-277B5B6EE4CC} = {4512CADD-58E1-4333-8F60-277B5B6EE4CC}
		{9234BCE9-8607-4C05-ABB0-928D47722C9A} = {9234BCE9-8607-4C05-ABB0-928D47722C9A}
		{31AC33A5-99A6-483A-910F-9D00AD733161} = {31AC33A5-99A6-483A-910F-9D00AD733161}
		{8DBAA5BC-2FAC-4E83-8645-99FD720931C0} = {8DBAA5BC-2FAC-4E83-8645-99FD720931C0}
		{E0328052-6B50-4629-830A-A706CC73F19A} = {E0328052-6B50-4629-830A-A706CC73F19A}
		{C4B06F89-D3D3-4A99-A26F-70BCCA57E38F} = {C4B06F89-D3D3-4A99-A26F-70BCCA57E38F}
		{A777F962-7F5D-41F3-86AD-F75D7CEA0D9F} = {A777F962-7F5D-41F3-86AD-F75D7CEA0D9F}
	EndProjectSection
EndProject
Project("{8BC9CEB8-8B4A-11D0-8D11-00A0C91BC942}") = "winregsave", "winregsave\winregsave.vcproj", "{8A576E79-A541-4C5A-8FF7-AE757A7302CE}"
	ProjectSection(ProjectDependencies) = postProject
		{9234BCE9-8607-4C05-ABB0-928D47722C9A} = {9234BCE9-8607-4C05-ABB0-928D47722C9A}
		{31AC33A5-99A6-483A-910F-9D00AD733161} = {31AC33A5-99A6-483A-910F-9D00AD733161}
		{8DBAA5BC-2FAC-4E83-8645-99FD720931C0} = {8DBAA5BC-2FAC-4E83-8645-99FD720931C0}
		{E0328052-6B50-4629-830A-A706CC73F19A} = {E0328052-6B50-4629-830A-A706CC73F19A}
		{A777F962-7F5D-41F3-86AD-F75D7CEA0D9F} = {A777F962-7F5D-41F3-86AD-F75D7CEA0D9F}
	EndProjectSection
EndProject
Project("{8BC9CEB8-8B4A-11D0-8D11-00A0C91BC942}") = "winshellfolder", "winshellfolder\winshellfolder.vcproj", "{F1A10358-70E5-4577-87FD-6D1262B5D3DD}"
	ProjectSection(ProjectDependencies) = postProject
		{9234BCE9-8607-4C05-ABB0-928D47722C9A} = {9234BCE9-8607-4C05-ABB0-928D47722C9A}
		{31AC33A5-99A6-483A-910F-9D00AD733161} = {31AC33A5-99A6-483A-910F-9D00AD733161}
		{8DBAA5BC-2FAC-4E83-8645-99FD720931C0} = {8DBAA5BC-2FAC-4E83-8645-99FD720931C0}
		{E0328052-6B50-4629-830A-A706CC73F19A} = {E0328052-6B50-4629-830A-A706CC73F19A}
		{A777F962-7F5D-41F3-86AD-F75D7CEA0D9F} = {A777F962-7F5D-41F3-86AD-F75D7CEA0D9F}
	EndProjectSection
EndProject
Project("{8BC9CEB8-8B4A-11D0-8D11-00A0C91BC942}") = "winshelllink", "winshelllink\winshelllink.vcproj", "{F246DAC4-333A-4834-818D-CB75DADBC526}"
	ProjectSection(ProjectDependencies) = postProject
		{9234BCE9-8607-4C05-ABB0-928D47722C9A} = {9234BCE9-8607-4C05-ABB0-928D47722C9A}
		{31AC33A5-99A6-483A-910F-9D00AD733161} = {31AC33A5-99A6-483A-910F-9D00AD733161}
		{8DBAA5BC-2FAC-4E83-8645-99FD720931C0} = {8DBAA5BC-2FAC-4E83-8645-99FD720931C0}
		{E0328052-6B50-4629-830A-A706CC73F19A} = {E0328052-6B50-4629-830A-A706CC73F19A}
		{A777F962-7F5D-41F3-86AD-F75D7CEA0D9F} = {A777F962-7F5D-41F3-86AD-F75D7CEA0D9F}
	EndProjectSection
EndProject
Project("{8BC9CEB8-8B4A-11D0-8D11-00A0C91BC942}") = "xor32sum", "xor32sum\xor32sum.vcproj", "{D52C5A15-C9BF-4DE8-AB29-9D2DF8E59EDD}"
	ProjectSection(ProjectDependencies) = postProject
		{9234BCE9-8607-4C05-ABB0-928D47722C9A} = {9234BCE9-8607-4C05-ABB0-928D47722C9A}
		{31AC33A5-99A6-483A-910F-9D00AD733161} = {31AC33A5-99A6-483A-910F-9D00AD733161}
		{8DBAA5BC-2FAC-4E83-8645-99FD720931C0} = {8DBAA5BC-2FAC-4E83-8645-99FD720931C0}
		{E0328052-6B50-4629-830A-A706CC73F19A} = {E0328052-6B50-4629-830A-A706CC73F19A}
		{A777F962-7F5D-41F3-86AD-F75D7CEA0D9F} = {A777F962-7F5D-41F3-86AD-F75D7CEA0D9F}
	EndProjectSection
EndProject
Project("{8BC9CEB8-8B4A-11D0-8D11-00A0C91BC942}") = "xor64sum", "xor64sum\xor64sum.vcproj", "{9A26D9F5-08EE-4DBF-8A91-67514374C1CB}"
	ProjectSection(ProjectDependencies) = postProject
		{9234BCE9-8607-4C05-ABB0-928D47722C9A} = {9234BCE9-8607-4C05-ABB0-928D47722C9A}
		{31AC33A5-99A6-483A-910F-9D00AD733161} = {31AC33A5-99A6-483A-910F-9D00AD733161}
		{8DBAA5BC-2FAC-4E83-8645-99FD720931C0} = {8DBAA5BC-2FAC-4E83-8645-99FD720931C0}
		{E0328052-6B50-4629-830A-A706CC73F19A} = {E0328052-6B50-4629-830A-A706CC73F19A}
		{A777F962-7F5D-41F3-86AD-F75D7CEA0D9F} = {A777F962-7F5D-41F3-86AD-F75D7CEA0D9F}
	EndProjectSection
EndProject
Project("{8BC9CEB8-8B4A-11D0-8D11-00A0C91BC942}") = "zcompress", "zcompress\zcompress.vcproj", "{0C4FF60A-16F3-4626-B662-1C7B2ADEEB88}"
	ProjectSection(ProjectDependencies) = postProject
		{9234BCE9-8607-4C05-ABB0-928D47722C9A} = {9234BCE9-8607-4C05-ABB0-928D47722C9A}
		{31AC33A5-99A6-483A-910F-9D00AD733161} = {31AC33A5-99A6-483A-910F-9D00AD733161}
		{8DBAA5BC-2FAC-4E83-8645-99FD720931C0} = {8DBAA5BC-2FAC-4E83-8645-99FD720931C0}
		{E0328052-6B50-4629-830A-A706CC73F19A} = {E0328052-6B50-4629-830A-A706CC73F19A}
		{A777F962-7F5D-41F3-86AD-F75D7CEA0D9F} = {A777F962-7F5D-41F3-86AD-F75D7CEA0D9F}
		{79C2EEED-799D-4F3D-A239-F92645758BED} = {79C2EEED-799D-4F3D-A239-F92645758BED}
	EndProjectSection
EndProject
Project("{8BC9CEB8-8B4A-11D0-8D11-00A0C91BC942}") = "zdecompress", "zdecompress\zdecompress.vcproj", "{504861A9-01E1-4A7E-8F57-1C530B5A13B0}"
	ProjectSection(ProjectDependencies) = postProject
		{9234BCE9-8607-4C05-ABB0-928D47722C9A} = {9234BCE9-8607-4C05-ABB0-928D47722C9A}
		{31AC33A5-99A6-483A-910F-9D00AD733161} = {31AC33A5-99A6-483A-910F-9D00AD733161}
		{8DBAA5BC-2FAC-4E83-8645-99FD720931C0} = {8DBAA5BC-2FAC-4E83-8645-99FD720931C0}
		{E0328052-6B50-4629-830A-A706CC73F19A} = {E0328052-6B50-4629-830A-A706CC73F19A}
		{A777F962-7F5D-41F3-86AD-F75D7CEA0D9F} = {A777F962-7F5D-41F3-86AD-F75D7CEA0D9F}
		{79C2EEED-799D-4F3D-A239-F92645758BED} = {79C2EEED-799D-4F3D-A239-F92645758BED}
	EndProjectSection
EndProject
Project("{8BC9CEB8-8B4A-11D0-8D11-00A0C91BC942}") = "assorted_test_adc", "assorted_test_adc\assorted_test_adc.vcproj", "{F5310A82-6F2A-43FB-A7B4-5409FD6BF37D}"
	ProjectSection(ProjectDependencies) = postProject
		{8DBAA5BC-2FAC-4E83-8645-99FD720931C0} = {8DBAA5BC-2FAC-4E83-8645-99FD720931C0}
		{A777F962-7F5D-41F3-86AD-F75D7CEA0D9F} = {A777F962-7F5D-41F3-86AD-F75D7CEA0D9F}
	EndProjectSection
EndProject
Project("{8BC9CEB8-8B4A-11D0-8D11-00A0C91BC942}") = "assorted_test_adler32", "assorted_test_adler32\assorted_test_adler32.vcproj", "{D9811392-E8A1-47AC-894A-0C869A3B6575}"
	ProjectSection(ProjectDependencies) = postProject
		{8DBAA5BC-2FAC-4E83-8645-99FD720931C0} = {8DBAA5BC-2FAC-4E83-8645-99FD720931C0}
		{A777F962-7F5D-41F3-86AD-F75D7CEA0D9F} = {A777F962-7F5D-41F3-86AD-F75D7CEA0D9F}
	EndProjectSection
EndProject
Project("{8BC9CEB8-8B4A-11D0-8D11-00A0C91BC942}") = "assorted_test_ascii7", "assorted_test_ascii7\assorted_test_ascii7.vcproj", "{CE71B493-1954-4238-9DEC-BC186EA3F6C4}"
	ProjectSection(ProjectDependencies) = postProject
		{8DBAA5BC-2FAC-4E83-8645-99FD720931C0} = {8DBAA5BC-2FAC-4E83-8645-99FD720931C0}
		{A777F962-7F5D-41F3-86AD-F75D7CEA0D9F} = {A777F962-7F5D-41F3-86AD-F75D7CEA0D9F}
	EndProjectSection
EndProject
Project("{8BC9CEB8-8B4A-11D0-8D11-00A0C91BC942}") = "assorted_test_bit_stream", "assorted_test_bit_stream\assorted_test_bit_stream.vcproj", "{02E55302-F63F-497A-B323-C97B2D1A889E}"
	ProjectSection(ProjectDependencies) = postProject
		{8DBAA5BC-2FAC-4E83-8645-99FD720931C0} = {8DBAA5BC-2FAC-4E83-8645-99FD720931C0}
		{A777F962-7F5D-41F3-86AD-F75D7CEA0D9F} = {A777F962-7F5D-41F3-86AD-F75D7CEA0D9F}
	EndProjectSection
EndProject
Project("{8BC9CEB8-8B4A-11D0-8D11-00A0C91BC942}") = "assorted_test_bzip", "assorted_test_bzip\assorted_test_bzip.vcproj", "{C66E6A20-EBBA-4687-B361-9ADC38F8CA2F}"
	ProjectSection(ProjectDependencies) = postProject
		{8DBAA5BC-2FAC-4E83-8645-99FD720931C0} = {8DBAA5BC-2FAC-4E83-8645-99FD720931C0}
		{A777F962-7F5D-41F3-86AD-F75D7CEA0D9F} = {A777F962-7F5D-41F3-86AD-F75D7CEA0D9F}
	EndProjectSection
EndProject
Project("{8BC9CEB8-8B4A-11D0-8D11-00A0C91BC942}") = "assorted_test_crc32", "assorted_test_crc32\assorted_test_crc32.vcproj", "{06993D86-22EC-4281-BD1F-9D1B109DB694}"
	ProjectSection(ProjectDependencies) = postProject
		{8DBAA5BC-2FAC-4E83-8645-99FD720931C0} = {8DBAA5BC-2FAC-4E83-8645-99FD720931C0}
		{A777F962-7F5D-41F3-86AD-F75D7CEA0D9F} = {A777F962-7F5D-41F3-86AD-F75D7CEA0D9F}
	EndProjectSection
EndProject
Project("{8BC9CEB8-8B4A-11D0-8D11-00A0C91BC942}") = "assorted_test_crc64", "assorted_test_crc64\assorted_test_crc64.vcproj", "{C46BD9E0-A426-4DC7-82EB-1F8DFA380698}"
	ProjectSection(ProjectDependencies) = postProject
		{8DBAA5BC-2FAC-4E83-8645-99FD720931C0} = {8DBAA5BC-2FAC-4E83-8645-99FD720931C0}
		{A777F962-7F5D-41F3-86AD-F75D7CEA0D9F} = {A777F962-7F5D-41F3-86AD-F75D7CEA0D9F}
	EndProjectSection
EndProject
Project("{8BC9CEB8-8B4A-11D0-8D11-00A0C91BC942}") = "assorted_test_deflate", "assorted_test_deflate\assorted_test_deflate.vcproj", "{81B301E9-C817-4666-81A9-B37ADF6E9295}"
	ProjectSection(ProjectDependencies) = postProject
		{8DBAA5BC-2FAC-4E83-8645-99FD720931C0} = {8DBAA5BC-2FAC-4E83-8645-99FD720931C0}
		{A777F962-7F5D-41F3-86AD-F75D7CEA0D9F} = {A777F962-7F5D-41F3-86AD-F75D7CEA0D9F}
	EndProjectSection
EndProject
Project("{8BC9CEB8-8B4A-11D0-8D11-00A0C91BC942}") = "assorted_test_fletcher32", "assorted_test_fletcher32\assorted_test_fletcher32.vcproj", "{CAF620E0-48EA-44EE-946B-60278A48BE9E}"
	ProjectSection(ProjectDependencies) = postProject
		{8DBAA5BC-2FAC-4E83-8645-99FD720931C0} = {8DBAA5BC-2FAC-4E83-8645-99FD720931C0}
		{A777F962-7F5D-41F3-86AD-F75D7CEA0D9F} = {A777F962-7F5D-41F3-86AD-F75D7CEA0D9F}
	EndProjectSection
EndProject
Project("{8BC9CEB8-8B4A-11D0-8D11-00A0C91BC942}") = "assorted_test_fletcher64", "assorted_test_fletcher64\assorted_test_fletcher64.vcproj", "{6C44D428-FE2E-415E-8DC5-C8CA39956537}"
	ProjectSection(ProjectDependencies) = postProject
		{8DBAA5BC-2FAC-4E83-8645-99FD720931C0} = {8DBAA5BC-2FAC-4E83-8645-99FD720931C0}
		{A777F962-7F5D-41F3-86AD-F75D7CEA0D9F} = {A777F962-7F5D-41F3-86AD-F75D7CEA0D9F}
	EndProjectSection
EndProject
Project("{8BC9CEB8-8B4A-11D0-8D11-00A0C91BC942}") = "assorted_test_huffman_tree", "assorted_test_huffman_tree\assorted_test_huffman_tree.vcproj", "{C78AD6A9-AF54-4823-9326-C961FDE7D64F}"
	ProjectSection(ProjectDependencies) = postProject
		{8DBAA5BC-2FAC-4E83-8645-99FD720931C0} = {8DBAA5BC-2FAC-4E83-8645-99FD720931C0}
		{A777F962-7F5D-41F3-86AD-F75D7CEA0D9F} = {A777F962-7F5D-41F3-86AD-F75D7CEA0D9F}
	EndProjectSection
EndProject
Project("{8BC9CEB8-8B4A-11D0-8D11-00A0C91BC942}") = "assorted_test_lzfse", "assorted_test_lzfse\assorted_test_lzfse.vcproj", "{15503769-9714-45FB-849E-FA709A75D36B}"
	ProjectSection(ProjectDependencies) = postProject
		{8DBAA5BC-2FAC-4E83-8645-99FD720931C0} = {8DBAA5BC-2FAC-4E83-8645-99FD720931C0}
		{A777F962-7F5D-41F3-86AD-F75D7CEA0D9F} = {A777F962-7F5D-41F3-86AD-F75D7CEA0D9F}
	EndProjectSection
EndProject
Project("{8BC9CEB8-8B4A-11D0-8D11-00A0C91BC942}") = "assorted_test_lzfu", "assorted_test_lzfu\assorted_test_lzfu.vcproj", "{BA601AE0-CDED-40CF-A97F-AF2DFC7F536E}"
	ProjectSection(ProjectDependencies) = postProject
		{8DBAA5BC-2FAC-4E83-8645-99FD720931C0} = {8DBAA5BC-2FAC-4E83-8645-99FD720931C0}
		{A777F962-7F5D-41F3-86AD-F75D7CEA0D9F} = {A777F962-7F5D-41F3-86AD-F75D7CEA0D9F}
	EndProjectSection
EndProject
Project("{8BC9CEB8-8B4A-11D0-8D11-00A0C91BC942}") = "assorted_test_lzvn", "assorted_test_lzvn\assorted_test_lzvn.vcproj", "{2897692F-4E79-498B-A08C-A0C48BC311AB}"
	ProjectSection(ProjectDependencies) = postProject
		{8DBAA5BC-2FAC-4E83-8645-99FD720931C0} = {8DBAA5BC-2FAC-4E83-8645-99FD720931C0}
		{A777F962-7F5D-41F3-86AD-F75D7CEA0D9F} = {A777F962-7F5D-41F3-86AD-F75D7CEA0D9F}
	EndProjectSection
EndProject
Project("{8BC9CEB8-8B4A-11D0-8D11-00A0C91BC942}") = "assorted_test_xor32", "assorted_test_xor32\assorted_test_xor32.vcproj", "{B65EFECC-5ECC-4444-B363-C969811E2A52}"
	ProjectSection(ProjectDependencies) = postProject
		{8DBAA5BC-2FAC-4E83-8645-99FD720931C0} = {8DBAA5BC-2FAC-4E83-8645-99FD720931C0}
		{A777F962-7F5D-41F3-86AD-F75D7CEA0D9F} = {A777F962-7F5D-41F3-86AD-F75D7CEA0D9F}
	EndProjectSection
EndProject
Project("{8BC9CEB8-8B4A-11D0-8D11-00A0C91BC942}") = "assorted_test_xor64", "assorted_test_xor64\assorted_test_xor64.vcproj", "{C112CEC3-BDF3-4FDA-915C-FC9C019D8E34}"
	ProjectSection(ProjectDependencies) = postProject
		{8DBAA5BC-2FAC-4E83-8645-99FD720931C0} = {8DBAA5BC-2FAC-4E83-8645-99FD720931C0}
		{A777F962-7F5D-41F3-86AD-F75D7CEA0D9F} = {A777F962-7F5D-41F3-86AD-F75D7CEA0D9F}
	EndProjectSection
EndProject
Project("{8BC9CEB8-8B4A-11D0-8D11-00A0C91BC942}") = "libcdata", "libcdata\libcdata.vcproj", "{C4B06F89-D3D3-4A99-A26F-70BCCA57E38F}"
	ProjectSection(ProjectDependencies) = postProject
		{A777F962-7F5D-41F3-86AD-F75D7CEA0D9F} = {A777F962-7F5D-41F3-86AD-F75D7CEA0D9F}
		{CA7E7240-0C49-4E34-8B75-5D7751E96998} = {CA7E7240-0C49-4E34-8B75-5D7751E96998}
	EndProjectSection
EndProject
Project("{8BC9CEB8-8B4A-11D0-8D11-00A0C91BC942}") = "libcerror", "libcerror\libcerror.vcproj", "{A777F962-7F5D-41F3-86AD-F75D7CEA0D9F}"
EndProject
Project("{8BC9CEB8-8B4A-11D0-8D11-00A0C91BC942}") = "libcfile", "libcfile\libcfile.vcproj", "{9234BCE9-8607-4C05-ABB0-928D47722C9A}"
	ProjectSection(ProjectDependencies) = postProject
		{A777F962-7F5D-41F3-86AD-F75D7CEA0D9F} = {A777F962-7F5D-41F3-86AD-F75D7CEA0D9F}
		{E0328052-6B50-4629-830A-A706CC73F19A} = {E0328052-6B50-4629-830A-A706CC73F19A}
		{8DBAA5BC-2FAC-4E83-8645-99FD720931C0} = {8DBAA5BC-2FAC-4E83-8645-99FD720931C0}
		{31AC33A5-99A6-483A-910F-9D00AD733161} = {31AC33A5-99A6-483A-910F-9D00AD733161}
	EndProjectSection
EndProject
Project("{8BC9CEB8-8B4A-11D0-8D11-00A0C91BC942}") = "libclocale", "libclocale\libclocale.vcproj", "{E0328052-6B50-4629-830A-A706CC73F19A}"
	ProjectSection(ProjectDependencies) = postProject
		{A777F962-7F5D-41F3-86AD-F75D7CEA0D9F} = {A777F962-7F5D-41F3-86AD-F75D7CEA0D9F}
	EndProjectSection
EndProject
Project("{8BC9CEB8-8B4A-11D0-8D11-00A0C91BC942}") = "libcnotify", "libcnotify\libcnotify.vcproj", "{8DBAA5BC-2FAC-4E83-8645-99FD720931C0}"
	ProjectSection(ProjectDependencies) = postProject
		{A777F962-7F5D-41F3-86AD-F75D7CEA0D9F} = {A777F962-7F5D-41F3-86AD-F75D7CEA0D9F}
	EndProjectSection
EndProject
Project("{8BC9CEB8-8B4A-11D0-8D11-00A0C91BC942}") = "libcthreads", "libcthreads\libcthreads.vcproj", "{CA7E7240-0C49-4E34-8B75-5D7751E96998}"
	ProjectSection(ProjectDependencies) = postProject
		{A777F962-7F5D-41F3-86AD-F75D7CEA0D9F} = {A777F962-7F5D-41F3-86AD-F75D7CEA0D9F}
	EndProjectSection
EndProject
Project("{8BC9CEB8-8B4A-11D0-8D11-00A0C91BC942}") = "libfcrypto", "libfcrypto\libfcrypto.vcproj", "{C35E1C1C-85CE-4D23-A205-8B99DF1A9782}"
	ProjectSection(ProjectDependencies) = postProject
		{A777F962-7F5D-41F3-86AD-F75D7CEA0D9F} = {A777F962-7F5D-41F3-86AD-F75D7CEA0D9F}
	EndProjectSection
EndProject
Project("{8BC9CEB8-8B4A-11D0-8D11-00A0C91BC942}") = "libfdatetime", "libfdatetime\libfdatetime.vcproj", "{4512CADD-58E1-4333-8F60-277B5B6EE4CC}"
	ProjectSection(ProjectDependencies) = postProject
		{A777F962-7F5D-41F3-86AD-F75D7CEA0D9F} = {A777F962-7F5D-41F3-86AD-F75D7CEA0D9F}
	EndProjectSection
EndProject
Project("{8BC9CEB8-8B4A-11D0-8D11-00A0C91BC942}") = "libfguid", "libfguid\libfguid.vcproj", "{A3F5F525-2A38-4350-824D-6115936702D9}"
	ProjectSection(ProjectDependencies) = postProject
		{A777F962-7F5D-41F3-86AD-F75D7CEA0D9F} = {A777F962-7F5D-41F3-86AD-F75D7CEA0D9F}
	EndProjectSection
EndProject
Project("{8BC9CEB8-8B4A-11D0-8D11-00A0C91BC942}") = "libfplist", "libfplist\libfplist.vcproj", "{9F3FABD0-7329-475D-A97C-79E5087094D5}"
	ProjectSection(ProjectDependencies) = postProject
		{A777F962-7F5D-41F3-86AD-F75D7CEA0D9F} = {A777F962-7F5D-41F3-86AD-F75D7CEA0D9F}
		{C4B06F89-D3D3-4A99-A26F-70BCCA57E38F} = {C4B06F89-D3D3-4A99-A26F-70BCCA57E38F}
		{8DBAA5BC-2FAC-4E83-8645-99FD720931C0} = {8DBAA5BC-2FAC-4E83-8645-99FD720931C0}
		{31AC33A5-99A6-483A-910F-9D00AD733161} = {31AC33A5-99A6-483A-910F-9D00AD733161}
		{4512CADD-58E1-4333-8F60-277B5B6EE4CC} = {4512CADD-58E1-4333-8F60-277B5B6EE4CC}
		{A3F5F525-2A38-4350-824D-6115936702D9} = {A3F5F525-2A38-4350-824D-6115936702D9}
		{B472FCAD-6501-41C4-8769-600AE96546FE} = {B472FCAD-6501-41C4-8769-600AE96546FE}
	EndProjectSection
EndProject
Project("{8BC9CEB8-8B4A-11D0-8D11-00A0C91BC942}") = "libfvalue", "libfvalue\libfvalue.vcproj", "{B472FCAD-6501-41C4-8769-600AE96546FE}"
	ProjectSection(ProjectDependencies) = postProject
		{A777F962-7F5D-41F3-86AD-F75D7CEA0D9F} = {A777F962-7F5D-41F3-86AD-F75D7CEA0D9F}
		{CA7E7240-0C49-4E34-8B75-5D7751E96998} = {CA7E7240-0C49-4E34-8B75-5D7751E96998}
		{C4B06F89-D3D3-4A99-A26F-70BCCA57E38F} = {C4B06F89-D3D3-4A99-A26F-70BCCA57E38F}
		{8DBAA5BC-2FAC-4E83-8645-99FD720931C0} = {8DBAA5BC-2FAC-4E83-8645-99FD720931C0}
		{31AC33A5-99A6-483A-910F-9D00AD733161} = {31AC33A5-99A6-483A-910F-9D00AD733161}
		{4512CADD-58E1-4333-8F60-277B5B6EE4CC} = {4512CADD-58E1-4333-8F60-277B5B6EE4CC}
		{A3F5F525-2A38-4350-824D-6115936702D9} = {A3F5F525-2A38-4350-824D-6115936702D9}
		{A1744732-0651-4B3D-9B63-19CCFA18FB25} = {A1744732-0651-4B3D-9B63-19CCFA18FB25}
	EndProjectSection
EndProject
Project("{8BC9CEB8-8B4A-11D0-8D11-00A0C91BC942}") = "libfwevt", "libfwevt\libfwevt.vcproj", "{467350B3-835B-4DA3-AC3C-A26CCDE4164D}"
	ProjectSection(ProjectDependencies) = postProject
		{A777F962-7F5D-41F3-86AD-F75D7CEA0D9F} = {A777F962-7F5D-41F3-86AD-F75D7CEA0D9F}
		{CA7E7240-0C49-4E34-8B75-5D7751E96998} = {CA7E7240-0C49-4E34-8B75-5D7751E96998}
		{C4B06F89-D3D3-4A99-A26F-70BCCA57E38F} = {C4B06F89-D3D3-4A99-A26F-70BCCA57E38F}
		{8DBAA5BC-2FAC-4E83-8645-99FD720931C0} = {8DBAA5BC-2FAC-4E83-8645-99FD720931C0}
		{4512CADD-58E1-4333-8F60-277B5B6EE4CC} = {4512CADD-58E1-4333-8F60-277B5B6EE4CC}
		{A3F5F525-2A38-4350-824D-6115936702D9} = {A3F5F525-2A38-4350-824D-6115936702D9}
		{B472FCAD-6501-41C4-8769-600AE96546FE} = {B472FCAD-6501-41C4-8769-600AE96546FE}
		{31AC33A5-99A6-483A-910F-9D00AD733161} = {31AC33A5-99A6-483A-910F-9D00AD733161}
	EndProjectSection
EndProject
Project("{8BC9CEB8-8B4A-11D0-8D11-00A0C91BC942}") = "libfwnt", "libfwnt\libfwnt.vcproj", "{A1744732-0651-4B3D-9B63-19CCFA18FB25}"
	ProjectSection(ProjectDependencies) = postProject
		{A777F962-7F5D-41F3-86AD-F75D7CEA0D9F} = {A777F962-7F5D-41F3-86AD-F75D7CEA0D9F}
		{CA7E7240-0C49-4E34-8B75-5D7751E96998} = {CA7E7240-0C49-4E34-8B75-5D7751E96998}
		{C4B06F89-D3D3-4A99-A26F-70BCCA57E38F} = {C4B06F89-D3D3-4A99-A26F-70BCCA57E38F}
		{8DBAA5BC-2FAC-4E83-8645-99FD720931C0} = {8DBAA5BC-2FAC-4E83-8645-99FD720931C0}
	EndProjectSection
EndProject
Project("{8BC9CEB8-8B4A-11D0-8D11-00A0C91BC942}") = "libhmac", "libhmac\libhmac.vcproj", "{A80BFB13-FE00-44F8-A06B-6CAE60397F32}"
	ProjectSection(ProjectDependencies) = postProject
		{A777F962-7F5D-41F3-86AD-F75D7CEA0D9F} = {A777F962-7F5D-41F3-86AD-F75D7CEA0D9F}
	EndProjectSection
EndProject
Project("{8BC9CEB8-8B4A-11D0-8D11-00A0C91BC942}") = "libuna", "libuna\libuna.vcproj", "{31AC33A5-99A6-483A-910F-9D00AD733161}"
	ProjectSection(ProjectDependencies) = postProject
		{A777F962-7F5D-41F3-86AD-F75D7CEA0D9F} = {A777F962-7F5D-41F3-86AD-F75D7CEA0D9F}
	EndProjectSection
EndProject
Project("{8BC9CEB8-8B4A-11D0-8D11-00A0C91BC942}") = "zlib", "zlib\zlib.vcproj", "{79C2EEED-799D-4F3D-A239-F92645758BED}"
EndProject
Project("{8BC9CEB8-8B4A-11D0-8D11-00A0C91BC942}") = "bzip2", "bzip2\bzip2.vcproj", "{5AB74AA2-7195-4503-B277-3AF5AD19309A}"
EndProject
Global
	GlobalSection(SolutionConfigurationPlatforms) = preSolution
		Release|Win32 = Release|Win32
		VSDebug|Win32 = VSDebug|Win32
	EndGlobalSection
	GlobalSection(ProjectConfigurationPlatforms) = postSolution
		{E1C9A062-BD41-4FAF-8EF2-E8641BED2C7C}.Release|Win32.ActiveCfg = Release|Win32
		{E1C9A062-BD41-4FAF-8EF2-E8641BED2C7C}.Release|Win32.Build.0 = Release|Win32
		{E1C9A062-BD41-4FAF-8EF2-E8641BED2C7C}.VSDebug|Win32.ActiveCfg = VSDebug|Win32
		{E1C9A062-BD41-4FAF-8EF2-E8641BED2C7C}.VSDebug|Win32.Build.0 = VSDebug|Win32
		{4F1441E0-C9DE-48D2-B25C-F1874A00AC83}.Release|Win32.ActiveCfg = Release|Win32
		{4F1441E0-C9DE-48D2-B25C-F1874A00AC83}.Release|Win32.Build.0 = Release|Win32
		{4F1441E0-C9DE-48D2-B25C-F1874A00AC83}.VSDebug|Win32.ActiveCfg = VSDebug|Win32
		{4F1441E0-C9DE-48D2-B25C-F1874A00AC83}.VSDebug|Win32.Build.0 = VSDebug|Win32
		{0243351F-1A9B-44ED-A44B-97927398CF3E}.Release|Win32.ActiveCfg = Release|Win32
		{0243351F-1A9B-44ED-A44B-97927398CF3E}.Release|Win32.Build.0 = Release|Win32
		{0243351F-1A9B-44ED-A44B-97927398CF3E}.VSDebug|Win32.ActiveCfg = VSDebug|Win32
		{0243351F-1A9B-44ED-A44B-97927398CF3E}.VSDebug|Win32.Build.0 = VSDebug|Win32
		{1D65B2F8-5991-4B3B-8559-17A7058817B2}.Release|Win32.ActiveCfg = Release|Win32
		{1D65B2F8-5991-4B3B-8559-17A7058817B2}.Release|Win32.Build.0 = Release|Win32
		{1D65B2F8-5991-4B3B-8559-17A7058817B2}.VSDebug|Win32.ActiveCfg = VSDebug|Win32
		{1D65B2F8-5991-4B3B-8559-17A7058817B2}.VSDebug|Win32.Build.0 = VSDebug|Win32
		{E27B1EBB-9BDE-4184-9397-2FEA19DCB8FB}.Release|Win32.ActiveCfg = Release|Win32
		{E27B1EBB-9BDE-4184-9397-2FEA19DCB8FB}.Release|Win32.Build.0 = Release|Win32
		{E27B1EBB-9BDE-4184-9397-2FEA19DCB8FB}.VSDebug|Win32.ActiveCfg = VSDebug|Win32
		{E27B1EBB-9BDE-4184-9397-2FEA19DCB8FB}.VSDebug|Win32.Build.0 = VSDebug|Win32
		{EFFED86F-5256-4112-AF85-7997042DC8B3}.Release|Win32.ActiveCfg = Release|Win32
		{EFFED86F-5256-4112-AF85-7997042DC8B3}.Release|Win32.Build.0 = Release|Win32
		{EFFED86F-5256-4112-AF85-7997042DC8B3}.VSDebug|Win32.ActiveCfg = VSDebug|Win32
		{EFFED86F-5256-4112-AF85-7997042DC8B3}.VSDebug|Win32.Build.0 = VSDebug|Win32
		{391CAA5D-9583-4938-8C08-CDDE663CB316}.Release|Win32.ActiveCfg = Release|Win32
		{391CAA5D-9583-4938-8C08-CDDE663CB316}.Release|Win32.Build.0 = Release|Win32
		{391CAA5D-9583-4938-8C08-CDDE663CB316}.VSDebug|Win32.ActiveCfg = VSDebug|Win32
		{391CAA5D-9583-4938-8C08-CDDE663CB316}.VSDebug|Win32.Build.0 = VSDebug|Win32
		{B304A64F-05CA-4092-9BFA-34DA3695AC44}.Release|Win32.ActiveCfg = Release|Win32
		{B304A64F-05CA-4092-9BFA-34DA3695AC44}.Release|Win32.Build.0 = Release|Win32
		{B304A64F-05CA-4092-9BFA-34DA3695AC44}.VSDebug|Win32.ActiveCfg = VSDebug|Win32
		{B304A64F-05CA-4092-9BFA-34DA3695AC44}.VSDebug|Win32.Build.0 = VSDebug|Win32
		{DA295378-2DE4-48ED-8501-04A408C1D97D}.Release|Win32.ActiveCfg = Release|Win32
		{DA295378-2DE4-48ED-8501-04A408C1D97D}.Release|Win32.Build.0 = Release|Win32
		{DA295378-2DE4-48ED-8501-04A408C1D97D}.VSDebug|Win32.ActiveCfg = VSDebug|Win32
		{DA295378-2DE4-48ED-8501-04A408C1D97D}.VSDebug|Win32.Build.0 = VSDebug|Win32
		{0FE794DA-2AF8-423D-90B6-B9A081A3D4AC}.Release|Win32.ActiveCfg = Release|Win32
		{0FE794DA-2AF8-423D-90B6-B9A081A3D4AC}.Release|Win32.Build.0 = Release|Win32
		{0FE794DA-2AF8-423D-90B6-B9A081A3D4AC}.VSDebug|Win32.ActiveCfg = VSDebug|Win32
		{0FE794DA-2AF8-423D-90B6-B9A081A3D4AC}.VSDebug|Win32.Build.0 = VSDebug|Win32
		{AB2E58DD-D262-43E7-A1C6-DCF21A1571E8}.Release|Win32.ActiveCfg = Release|Win32
		{AB2E58DD-D262-43E7-A1C6-DCF21A1571E8}.Release|Win32.Build.0 = Release|Win32
		{AB2E58DD-D262-43E7-A1C6-DCF21A1571E8}.VSDebug|Win32.ActiveCfg = VSDebug|Win32
		{AB2E58DD-D262-43E7-A1C6-DCF21A1571E8}.VSDebug|Win32.Build.0 = VSDebug|Win32
		{E7875580-AA4B-4E0D-907F-821741D4D6AE}.Release|Win32.ActiveCfg = Release|Win32
		{E7875580-AA4B-4E0D-907F-821741D4D6AE}.Release|Win32.Build.0 = Release|Win32
		{E7875580-AA4B-4E0D-907F-821741D4D6AE}.VSDebug|Win32.ActiveCfg = VSDebug|Win32
		{E7875580-AA4B-4E0D-907F-821741D4D6AE}.VSDebug|Win32.Build.0 = VSDebug|Win32
		{DD516029-C0F2-40B9-849C-E805B2BF6188}.Release|Win32.ActiveCfg = Release|Win32
		{DD516029-C0F2-40B9-849C-E805B2BF6188}.Release|Win32.Build.0 = Release|Win32
		{DD516029-C0F2-40B9-849C-E805B2BF6188}.VSDebug|Win32.ActiveCfg = VSDebug|Win32
		{DD516029-C0F2-40B9-849C-E805B2BF6188}.VSDebug|Win32.Build.0 = VSDebug|Win32
		{999BA0E3-A959-49AF-8074-C122DA6BEBE7}.Release|Win32.ActiveCfg = Release|Win32
		{999BA0E3-A959-49AF-8074-C122DA6BEBE7}.Release|Win32.Build.0 = Release|Win32
		{999BA0E3-A959-49AF-8074-C122DA6BEBE7}.VSDebug|Win32.ActiveCfg = VSDebug|Win32
		{999BA0E3-A959-49AF-8074-C122DA6BEBE7}.VSDebug|Win32.Build.0 = VSDebug|Win32
		{490349AD-4020-4425-B3F3-D8921FAE5768}.Release|Win32.ActiveCfg = Release|Win32
		{490349AD-4020-4425-B3F3-D8921FAE5768}.Release|Win32.Build.0 = Release|Win32
		{490349AD-4020-4425-B3F3-D8921FAE5768}.VSDebug|Win32.ActiveCfg = VSDebug|Win32
		{490349AD-4020-4425-B3F3-D8921FAE5768}.VSDebug|Win32.Build.0 = VSDebug|Win32
		{B4E742AE-4A72-41F4-A484-31CD6B4DD38B}.Release|Win32.ActiveCfg = Release|Win32
		{B4E742AE-4A72-41F4-A484-31CD6B4DD38B}.Release|Win32.Build.0 = Release|Win32
		{B4E742AE-4A72-41F4-A484-31CD6B4DD38B}.VSDebug|Win32.ActiveCfg = VSDebug|Win32
		{B4E742AE-4A72-41F4-A484-31CD6B4DD38B}.VSDebug|Win32.Build.0 = VSDebug|Win32
		{EF1CDD3B-DCF4-418D-8046-3460FC0C595E}.Release|Win32.ActiveCfg = Release|Win32
		{EF1CDD3B-DCF4-418D-8046-3460FC0C595E}.Release|Win32.Build.0 = Release|Win32
		{EF1CDD3B-DCF4-418D-8046-3460FC0C595E}.VSDebug|Win32.ActiveCfg = VSDebug|Win32
		{EF1CDD3B-DCF4-418D-8046-3460FC0C595E}.VSDebug|Win32.Build.0 = VSDebug|Win32
		{7498D6BE-2A54-4D30-BD7C-5579428A9DA5}.Release|Win32.ActiveCfg = Release|Win32
		{7498D6BE-2A54-4D30-BD7C-5579428A9DA5}.Release|Win32.Build.0 = Release|Win32
		{7498D6BE-2A54-4D30-BD7C-5579428A9DA5}.VSDebug|Win32.ActiveCfg = VSDebug|Win32
		{7498D6BE-2A54-4D30-BD7C-5579428A9DA5}.VSDebug|Win32.Build.0 = VSDebug|Win32
		{B1934FD2-FB1D-412F-ADFE-00D5E7B9B8CF}.Release|Win32.ActiveCfg = Release|Win32
		{B1934FD2-FB1D-412F-ADFE-00D5E7B9B8CF}.Release|Win32.Build.0 = Release|Win32
		{B1934FD2-FB1D-412F-ADFE-00D5E7B9B8CF}.VSDebug|Win32.ActiveCfg = VSDebug|Win32
		{B1934FD2-FB1D-412F-ADFE-00D5E7B9B8CF}.VSDebug|Win32.Build.0 = VSDebug|Win32
		{0B8C93C9-C152-4A6B-9A2B-5A2926622F65}.Release|Win32.ActiveCfg = Release|Win32
		{0B8C93C9-C152-4A6B-9A2B-5A2926622F65}.Release|Win32.Build.0 = Release|Win32
		{0B8C93C9-C152-4A6B-9A2B-5A2926622F65}.VSDebug|Win32.ActiveCfg = VSDebug|Win32
		{0B8C93C9-C152-4A6B-9A2B-5A2926622F65}.VSDebug|Win32.Build.0 = VSDebug|Win32
		{04C049D7-27BF-4296-83C1-2020A83DA4C4}.Release|Win32.ActiveCfg = Release|Win32
		{04C049D7-27BF-4296-83C1-2020A83DA4C4}.Release|Win32.Build.0 = Release|Win32
		{04C049D7-27BF-4296-83C1-2020A83DA4C4}.VSDebug|Win32.ActiveCfg = VSDebug|Win32
		{04C049D7-27BF-4296-83C1-2020A83DA4C4}.VSDebug|Win32.Build.0 = VSDebug|Win32
		{8A576E79-A541-4C5A-8FF7-AE757A7302CE}.Release|Win32.ActiveCfg = Release|Win32
		{8A576E79-A541-4C5A-8FF7-AE757A7302CE}.Release|Win32.Build.0 = Release|Win32
		{8A576E79-A541-4C5A-8FF7-AE757A7302CE}.VSDebug|Win32.ActiveCfg = VSDebug|Win32
		{8A576E79-A541-4C5A-8FF7-AE757A7302CE}.VSDebug|Win32.Build.0 = VSDebug|Win32
		{F1A10358-70E5-4577-87FD-6D1262B5D3DD}.Release|Win32.ActiveCfg = Release|Win32
		{F1A10358-70E5-4577-87FD-6D1262B5D3DD}.Release|Win32.Build.0 = Release|Win32
		{F1A10358-70E5-4577-87FD-6D1262B5D3DD}.VSDebug|Win32.ActiveCfg = VSDebug|Win32
		{F1A10358-70E5-4577-87FD-6D1262B5D3DD}.VSDebug|Win32.Build.0 = VSDebug|Win32
		{F246DAC4-333A-4834-818D-CB75DADBC526}.Release|Win32.ActiveCfg = Release|Win32
		{F246DAC4-333A-4834-818D-CB75DADBC526}.Release|Win32.Build.0 = Release|Win32
		{F246DAC4-333A-4834-818D-CB75DADBC526}.VSDebug|Win32.ActiveCfg = VSDebug|Win32
		{F246DAC4-333A-4834-818D-CB75DADBC526}.VSDebug|Win32.Build.0 = VSDebug|Win32
		{D52C5A15-C9BF-4DE8-AB29-9D2DF8E59EDD}.Release|Win32.ActiveCfg = Release|Win32
		{D52C5A15-C9BF-4DE8-AB29-9D2DF8E59EDD}.Release|Win32.Build.0 = Release|Win32
		{D52C5A15-C9BF-4DE8-AB29-9D2DF8E59EDD}.VSDebug|Win32.ActiveCfg = VSDebug|Win32
		{D52C5A15-C9BF-4DE8-AB29-9D2DF8E59EDD}.VSDebug|Win32.Build.0 = VSDebug|Win32
		{9A26D9F5-08EE-4DBF-8A91-67514374C1CB}.Release|Win32.ActiveCfg = Release|Win32
		{9A26D9F5-08EE-4DBF-8A91-67514374C1CB}.Release|Win32.Build.0 = Release|Win32
		{9A26D9F5-08EE-4DBF-8A91-67514374C1CB}.VSDebug|Win32.ActiveCfg = VSDebug|Win32
		{9A26D9F5-08EE-4DBF-8A91-67514374C1CB}.VSDebug|Win32.Build.0 = VSDebug|Win32
		{0C4FF60A-16F3-4626-B662-1C7B2ADEEB88}.Release|Win32.ActiveCfg = Release|Win32
		{0C4FF60A-16F3-4626-B662-1C7B2ADEEB88}.Release|Win32.Build.0 = Release|Win32
		{0C4FF60A-16F3-4626-B662-1C7B2ADEEB88}.VSDebug|Win32.ActiveCfg = VSDebug|Win32
		{0C4FF60A-16F3-4626-B662-1C7B2ADEEB88}.VSDebug|Win32.Build.0 = VSDebug|Win32
		{504861A9-01E1-4A7E-8F57-1C530B5A13B0}.Release|Win32.ActiveCfg = Release|Win32
		{504861A9-01E1-4A7E-8F57-1C530B5A13B0}.Release|Win32.Build.0 = Release|Win32
		{504861A9-01E1-4A7E-8F57-1C530B5A13B0}.VSDebug|Win32.ActiveCfg = VSDebug|Win32
		{504861A9-01E1-4A7E-8F57-1C530B5A13B0}.VSDebug|Win32.Build.0 = VSDebug|Win32
		{F5310A82-6F2A-43FB-A7B4-5409FD6BF37D}.Release|Win32.ActiveCfg = Release|Win32
		{F5310A82-6F2A-43FB-A7B4-5409FD6BF37D}.Release|Win32.Build.0 = Release|Win32
		{F5310A82-6F2A-43FB-A7B4-5409FD6BF37D}.VSDebug|Win32.ActiveCfg = VSDebug|Win32
		{F5310A82-6F2A-43FB-A7B4-5409FD6BF37D}.VSDebug|Win32.Build.0 = VSDebug|Win32
		{D9811392-E8A1-47AC-894A-0C869A3B6575}.Release|Win32.ActiveCfg = Release|Win32
		{D9811392-E8A1-47AC-894A-0C869A3B6575}.Release|Win32.Build.0 = Release|Win32
		{D9811392-E8A1-47AC-894A-0C869A3B6575}.VSDebug|Win32.ActiveCfg = VSDebug|Win32
		{D9811392-E8A1-47AC-894A-0C869A3B6575}.VSDebug|Win32.Build.0 = VSDebug|Win32
		{CE71B493-1954-4238-9DEC-BC186EA3F6C4}.Release|Win32.ActiveCfg = Release|Win32
		{CE71B493-1954-4238-9DEC-BC186EA3F6C4}.Release|Win32.Build.0 = Release|Win32
		{CE71B493-1954-4238-9DEC-BC186EA3F6C4}.VSDebug|Win32.ActiveCfg = VSDebug|Win32
		{CE71B493-1954-4238-9DEC-BC186EA3F6C4}.VSDebug|Win32.Build.0 = VSDebug|Win32
		{02E55302-F63F-497A-B323-C97B2D1A889E}.Release|Win32.ActiveCfg = Release|Win32
		{02E55302-F63F-497A-B323-C97B2D1A889E}.Release|Win32.Build.0 = Release|Win32
		{02E55302-F63F-497A-B323-C97B2D1A889E}.VSDebug|Win32.ActiveCfg = VSDebug|Win32
		{02E55302-F63F-497A-B323-C97B2D1A889E}.VSDebug|Win32.Build.0 = VSDebug|Win32
		{C66E6A20-EBBA-4687-B361-9ADC38F8CA2F}.Release|Win32.ActiveCfg = Release|Win32
		{C66E6A20-EBBA-4687-B361-9ADC38F8CA2F}.Release|Win32.Build.0 = Release|Win32
		{C66E6A20-EBBA-4687-B361-9ADC38F8CA2F}.VSDebug|Win32.ActiveCfg = VSDebug|Win32
		{C66E6A20-EBBA-4687-B361-9ADC38F8CA2F}.VSDebug|Win32.Build.0 = VSDebug|Win32
		{06993D86-22EC-4281-BD1F-9D1B109DB694}.Release|Win32.ActiveCfg = Release|Win32
		{06993D86-22EC-4281-BD1F-9D1B109DB694}.Release|Win32.Build.0 = Release|Win32
		{06993D86-22EC-4281-BD1F-9D1B109DB694}.VSDebug|Win32.ActiveCfg = VSDebug|Win32
		{06993D86-22EC-4281-BD1F-9D1B109DB694}.VSDebug|Win32.Build.0 = VSDebug|Win32
		{C46BD9E0-A426-4DC7-82EB-1F8DFA380698}.Release|Win32.ActiveCfg = Release|Win32
		{C46BD9E0-A426-4DC7-82EB-1F8DFA380698}.Release|Win32.Build.0 = Release|Win32
		{C46BD9E0-A426-4DC7-82EB-1F8DFA380698}.VSDebug|Win32.ActiveCfg = VSDebug|Win32
		{C46BD9E0-A426-4DC7-82EB-1F8DFA380698}.VSDebug|Win32.Build.0 = VSDebug|Win32
		{81B301E9-C817-4666-81A9-B37ADF6E9295}.Release|Win32.ActiveCfg = Release|Win32
		{81B301E9-C817-4666-81A9-B37ADF6E9295}.Release|Win32.Build.0 = Release|Win32
		{81B301E9-C817-4666-81A9-B37ADF6E9295}.VSDebug|Win32.ActiveCfg = VSDebug|Win32
		{81B301E9-C817-4666-81A9-B37ADF6E9295}.VSDebug|Win32.Build.0 = VSDebug|Win32
		{CAF620E0-48EA-44EE-946B-60278A48BE9E}.Release|Win32.ActiveCfg = Release|Win32
		{CAF620E0-48EA-44EE-946B-60278A48BE9E}.Release|Win32.Build.0 = Release|Win32
		{CAF620E0-48EA-44EE-946B-60278A48BE9E}.VSDebug|Win32.ActiveCfg = VSDebug|Win32
		{CAF620E0-48EA-44EE-946B-60278A48BE9E}.VSDebug|Win32.Build.0 = VSDebug|Win32
		{6C44D428-FE2E-415E-8DC5-C8CA39956537}.Release|Win32.ActiveCfg = Release|Win32
		{6C44D428-FE2E-415E-8DC5-C8CA39956537}.Release|Win32.Build.0 = Release|Win32
		{6C44D428-FE2E-415E-8DC5-C8CA39956537}.VSDebug|Win32.ActiveCfg = VSDebug|Win32
		{6C44D428-FE2E-415E-8DC5-C8CA39956537}.VSDebug|Win32.Build.0 = VSDebug|Win32
		{C78AD6A9-AF54-4823-9326-C961FDE7D64F}.Release|Win32.ActiveCfg = Release|Win32
		{C78AD6A9-AF54-4823-9326-C961FDE7D64F}.Release|Win32.Build.0 = Release|Win32
		{C78AD6A9-AF54-4823-9326-C961FDE7D64F}.VSDebug|Win32.ActiveCfg = VSDebug|Win32
		{C78AD6A9-AF54-4823-9326-C961FDE7D64F}.VSDebug|Win32.Build.0 = VSDebug|Win32
		{15503769-9714-45FB-849E-FA709A75D36B}.Release|Win32.ActiveCfg = Release|Win32
		{15503769-9714-45FB-849E-FA709A75D36B}.Release|Win32.Build.0 = Release|Win32
		{15503769-9714-45FB-849E-FA709A75D36B}.VSDebug|Win32.ActiveCfg = VSDebug|Win32
		{15503769-9714-45FB-849E-FA709A75D36B}.VSDebug|Win32.Build.0 = VSDebug|Win32
		{BA601AE0-CDED-40CF-A97F-AF2DFC7F536E}.Release|Win32.ActiveCfg = Release|Win32
		{BA601AE0-CDED-40CF-A97F-AF2DFC7F536E}.Release|Win32.Build.0 = Release|Win32
		{BA601AE0-CDED-40CF-A97F-AF2DFC7F536E}.VSDebug|Win32.ActiveCfg = VSDebug|Win32
		{BA601AE0-CDED-40CF-A97F-AF2DFC7F536E}.VSDebug|Win32.Build.0 = VSDebug|Win32
		{2897692F-4E79-498B-A08C-A0C48BC311AB}.Release|Win32.ActiveCfg = Release|Win32
		{2897692F-4E79-498B-A08C-A0C48BC311AB}.Release|Win32.Build.0 = Release|Win32
		{2897692F-4E79-498B-A08C-A0C48BC311AB}.VSDebug|Win32.ActiveCfg = VSDebug|Win32
		{2897692F-4E79-498B-A08C-A0C48BC311AB}.VSDebug|Win32.Build.0 = VSDebug|Win32
		{B65EFECC-5ECC-4444-B363-C969811E2A52}.Release|Win32.ActiveCfg = Release|Win32
		{B65EFECC-5ECC-4444-B363-C969811E2A52}.Release|Win32.Build.0 = Release|Win32
		{B65EFECC-5ECC-4444-B363-C969811E2A52}.VSDebug|Win32.ActiveCfg = VSDebug|Win32
		{B65EFECC-5ECC-4444-B363-C969811E2A52}.VSDebug|Win32.Build.0 = VSDebug|Win32
		{C112CEC3-BDF3-4FDA-915C-FC9C019D8E34}.Release|Win32.ActiveCfg = Release|Win32
		{C112CEC3-BDF3-4FDA-915C-FC9C019D8E34}.Release|Win32.Build.0 = Release|Win32
		{C112CEC3-BDF3-4FDA-915C-FC9C019D8E34}.VSDebug|Win32.ActiveCfg = VSDebug|Win32
		{C112CEC3-BDF3-4FDA-915C-FC9C019D8E34}.VSDebug|Win32.Build.0 = VSDebug|Win32
		{C4B06F89-D3D3-4A99-A26F-70BCCA57E38F}.Release|Win32.ActiveCfg = Release|Win32
		{C4B06F89-D3D3-4A99-A26F-70BCCA57E38F}.Release|Win32.Build.0 = Release|Win32
		{C4B06F89-D3D3-4A99-A26F-70BCCA57E38F}.VSDebug|Win32.ActiveCfg = VSDebug|Win32
		{C4B06F89-D3D3-4A99-A26F-70BCCA57E38F}.VSDebug|Win32.Build.0 = VSDebug|Win32
		{A777F962-7F5D-41F3-86AD-F75D7CEA0D9F}.Release|Win32.ActiveCfg = Release|Win32
		{A777F962-7F5D-41F3-86AD-F75D7CEA0D9F}.Release|Win32.Build.0 = Release|Win32
		{A777F962-7F5D-41F3-86AD-F75D7CEA0D9F}.VSDebug|Win32.ActiveCfg = VSDebug|Win32
		{A777F962-7F5D-41F3-86AD-F75D7CEA0D9F}.VSDebug|Win32.Build.0 = VSDebug|Win32
		{9234BCE9-8607-4C05-ABB0-928D47722C9A}.Release|Win32.ActiveCfg = Release|Win32
		{9234BCE9-8607-4C05-ABB0-928D47722C9A}.Release|Win32.Build.0 = Release|Win32
		{9234BCE9-8607-4C05-ABB0-928D47722C9A}.VSDebug|Win32.ActiveCfg = VSDebug|Win32
		{9234BCE9-8607-4C05-ABB0-928D47722C9A}.VSDebug|Win32.Build.0 = VSDebug|Win32
		{E0328052-6B50-4629-830A-A706CC73F19A}.Release|Win32.ActiveCfg = Release|Win32
		{E0328052-6B50-4629-830A-A706CC73F19A}.Release|Win32.Build.0 = Release|Win32
		{E0328052-6B50-4629-830A-A706CC73F19A}.VSDebug|Win32.ActiveCfg = VSDebug|Win32
		{E0328052-6B50-4629-830A-A706CC73F19A}.VSDebug|Win32.Build.0 = VSDebug|Win32
		{8DBAA5BC-2FAC-4E83-8645-99FD720931C0}.Release|Win32.ActiveCfg = Release|Win32
		{8DBAA5BC-2FAC-4E83-8645-99FD720931C0}.Release|Win32.Build.0 = Release|Win32
		{8DBAA5BC-2FAC-4E83-8645-99FD720931C0}.VSDebug|Win32.ActiveCfg = VSDebug|Win32
		{8DBAA5BC-2FAC-4E83-8645-99FD720931C0}.VSDebug|Win32.Build.0 = VSDebug|Win32
		{CA7E7240-0C49-4E34-8B75-5D7751E96998}.Release|Win32.ActiveCfg = Release|Win32
		{CA7E7240-0C49-4E34-8B75-5D7751E96998}.Release|Win32.Build.0 = Release|Win32
		{CA7E7240-0C49-4E34-8B75-5D7751E96998}.VSDebug|Win32.ActiveCfg = VSDebug|Win32
		{CA7E7240-0C49-4E34-8B75-5D7751E96998}.VSDebug|Win32.Build.0 = VSDebug|Win32
		{C35E1C1C-85CE-4D23-A205-8B99DF1A9782}.Release|Win32.ActiveCfg = Release|Win32
		{C35E1C1C-85CE-4D23-A205-8B99DF1A9782}.Release|Win32.Build.0 = Release|Win32
		{C35E1C1C-85CE-4D23-A205-8B99DF1A9782}.VSDebug|Win32.ActiveCfg = VSDebug|Win32
		{C35E1C1C-85CE-4D23-A205-8B99DF1A9782}.VSDebug|Win32.Build.0 = VSDebug|Win32
		{4512CADD-58E1-4333-8F60-277B5B6EE4CC}.Release|Win32.ActiveCfg = Release|Win32
		{4512CADD-58E1-4333-8F60-277B5B6EE4CC}.Release|Win32.Build.0 = Release|Win32
		{4512CADD-58E1-4333-8F60-277B5B6EE4CC}.VSDebug|Win32.ActiveCfg = VSDebug|Win32
		{4512CADD-58E1-4333-8F60-277B5B6EE4CC}.VSDebug|Win32.Build.0 = VSDebug|Win32
		{A3F5F525-2A38-4350-824D-6115936702D9}.Release|Win32.ActiveCfg = Release|Win32
		{A3F5F525-2A38-4350-824D-6115936702D9}.Release|Win32.Build.0 = Release|Win32
		{A3F5F525-2A38-4350-824D-6115936702D9}.VSDebug|Win32.ActiveCfg = VSDebug|Win32
		{A3F5F525-2A38-4350-824D-6115936702D9}.VSDebug|Win32.Build.0 = VSDebug|Win32
		{9F3FABD0-7329-475D-A97C-79E5087094D5}.Release|Win32.ActiveCfg = Release|Win32
		{9F3FABD0-7329-475D-A97C-79E5087094D5}.Release|Win32.Build.0 = Release|Win32
		{9F3FABD0-7329-475D-A97C-79E5087094D5}.VSDebug|Win32.ActiveCfg = VSDebug|Win32
		{9F3FABD0-7329-475D-A97C-79E5087094D5}.VSDebug|Win32.Build.0 = VSDebug|Win32
		{B472FCAD-6501-41C4-8769-600AE96546FE}.Release|Win32.ActiveCfg = Release|Win32
		{B472FCAD-6501-41C4-8769-600AE96546FE}.Release|Win32.Build.0 = Release|Win32
		{B472FCAD-6501-41C4-8769-600AE96546FE}.VSDebug|Win32.ActiveCfg = VSDebug|Win32
		{B472FCAD-6501-41C4-8769-600AE96546FE}.VSDebug|Win32.Build.0 = VSDebug|Win32
		{467350B3-835B-4DA3-AC3C-A26CCDE4164D}.Release|Win32.ActiveCfg = Release|Win32
		{467350B3-835B-4DA3-AC3C-A26CCDE4164D}.Release|Win32.Build.0 = Release|Win32
		{467350B3-835B-4DA3-AC3C-A26CCDE4164D}.VSDebug|Win32.ActiveCfg = VSDebug|Win32
		{467350B3-835B-4DA3-AC3C-A26CCDE4164D}.VSDebug|Win32.Build.0 = VSDebug|Win32
		{A1744732-0651-4B3D-9B63-19CCFA18FB25}.Release|Win32.ActiveCfg = Release|Win32
		{A1744732-0651-4B3D-9B63-19CCFA18FB25}.Release|Win32.Build.0 = Release|Win32
		{A1744732-0651-4B3D-9B63-19CCFA18FB25}.VSDebug|Win32.ActiveCfg = VSDebug|Win32
		{A1744732-0651-4B3D-9B63-19CCFA18FB25}.VSDebug|Win32.Build.0 = VSDebug|Win32
		{A80BFB13-FE00-44F8-A06B-6CAE60397F32}.Release|Win32.ActiveCfg = Release|Win32
		{A80BFB13-FE00-44F8-A06B-6CAE60397F32}.Release|Win32.Build.0 = Release|Win32
		{A80BFB13-FE00-44F8-A06B-6CAE60397F32}.VSDebug|Win32.ActiveCfg = VSDebug|Win32
		{A80BFB13-FE00-44F8-A06B-6CAE60397F32}.VSDebug|Win32.Build.0 = VSDebug|Win32
		{31AC33A5-99A6-483A-910F-9D00AD733161}.Release|Win32.ActiveCfg = Release|Win32
		{31AC33A5-99A6-483A-910F-9D00AD733161}.Release|Win32.Build.0 = Release|Win32
		{31AC33A5-99A6-483A-910F-9D00AD733161}.VSDebug|Win32.ActiveCfg = VSDebug|Win32
		{31AC33A5-99A6-483A-910F-9D00AD733161}.VSDebug|Win32.Build.0 = VSDebug|Win32
		{79C2EEED-799D-4F3D-A239-F92645758BED}.Release|Win32.ActiveCfg = Release|Win32
		{79C2EEED-799D-4F3D-A239-F92645758BED}.Release|Win32.Build.0 = Release|Win32
		{79C2EEED-799D-4F3D-A239-F92645758BED}.VSDebug|Win32.ActiveCfg = VSDebug|Win32
		{79C2EEED-799D-4F3D-A239-F92645758BED}.VSDebug|Win32.Build.0 = VSDebug|Win32
		{5AB74AA2-7195-4503-B277-3AF5AD19309A}.Release|Win32.ActiveCfg = Release|Win32
		{5AB74AA2-7195-4503-B277-3AF5AD19309A}.Release|Win32.Build.0 = Release|Win32
		{5AB74AA2-7195-4503-B277-3AF5AD19309A}.VSDebug|Win32.ActiveCfg = VSDebug|Win32
		{5AB74AA2-7195-4503-B277-3AF5AD19309A}.VSDebug|Win32.Build.0 = VSDebug|Win32
	EndGlobalSection
	GlobalSection(SolutionProperties) = preSolution
		HideSolutionNode = FALSE
	EndGlobalSection
EndGlobal
